// !$*UTF8*$!
{
	archiveVersion = 1;
	classes = {
	};
	objectVersion = 56;
	objects = {

/* Begin PBXBuildFile section */
		8255EA4529D589C9000B9F83 /* llama in Frameworks */ = {isa = PBXBuildFile; productRef = 8255EA4429D589C9000B9F83 /* llama */; };
		8255EA4A29D58A40000B9F83 /* SetupWindowContentView.swift in Sources */ = {isa = PBXBuildFile; fileRef = 8255EA4929D58A40000B9F83 /* SetupWindowContentView.swift */; };
		8255EA4C29D58AF4000B9F83 /* ChatSource.swift in Sources */ = {isa = PBXBuildFile; fileRef = 8255EA4B29D58AF4000B9F83 /* ChatSource.swift */; };
		8255EA5029D58B2B000B9F83 /* ChatSources.swift in Sources */ = {isa = PBXBuildFile; fileRef = 8255EA4F29D58B2B000B9F83 /* ChatSources.swift */; };
		8255EA5429D58B89000B9F83 /* SetupViewModel.swift in Sources */ = {isa = PBXBuildFile; fileRef = 8255EA5329D58B89000B9F83 /* SetupViewModel.swift */; };
		8255EA5629D58C58000B9F83 /* ChatSourceType.swift in Sources */ = {isa = PBXBuildFile; fileRef = 8255EA5529D58C58000B9F83 /* ChatSourceType.swift */; };
		8255EA5829D58CE2000B9F83 /* SourceTypeSelectionView.swift in Sources */ = {isa = PBXBuildFile; fileRef = 8255EA5729D58CE2000B9F83 /* SourceTypeSelectionView.swift */; };
		8255EA5A29D58CF1000B9F83 /* SelectSourceTypeViewModel.swift in Sources */ = {isa = PBXBuildFile; fileRef = 8255EA5929D58CF1000B9F83 /* SelectSourceTypeViewModel.swift */; };
		8255EA5C29D59690000B9F83 /* SelectSourceTypeView.swift in Sources */ = {isa = PBXBuildFile; fileRef = 8255EA5B29D59690000B9F83 /* SelectSourceTypeView.swift */; };
		8255EA5E29D59892000B9F83 /* ConfigureSourceViewModel.swift in Sources */ = {isa = PBXBuildFile; fileRef = 8255EA5D29D59892000B9F83 /* ConfigureSourceViewModel.swift */; };
		8255EA6129D599AB000B9F83 /* ConfigureLlamaSourceViewModel.swift in Sources */ = {isa = PBXBuildFile; fileRef = 8255EA6029D599AB000B9F83 /* ConfigureLlamaSourceViewModel.swift */; };
		8255EA6329D599C4000B9F83 /* ConfigureAlpacaSourceViewModel.swift in Sources */ = {isa = PBXBuildFile; fileRef = 8255EA6229D599C4000B9F83 /* ConfigureAlpacaSourceViewModel.swift */; };
		82718CDE29D3686200545C32 /* AppDelegate.swift in Sources */ = {isa = PBXBuildFile; fileRef = 82718CDD29D3686200545C32 /* AppDelegate.swift */; };
		82718CE229D3686300545C32 /* Assets.xcassets in Resources */ = {isa = PBXBuildFile; fileRef = 82718CE129D3686300545C32 /* Assets.xcassets */; };
		82718CE529D3686300545C32 /* Preview Assets.xcassets in Resources */ = {isa = PBXBuildFile; fileRef = 82718CE429D3686300545C32 /* Preview Assets.xcassets */; };
		82718CEE29D3689B00545C32 /* ChatModel.swift in Sources */ = {isa = PBXBuildFile; fileRef = 82718CEC29D3689B00545C32 /* ChatModel.swift */; };
		82718CFC29D368E500545C32 /* MessagesViewModel.swift in Sources */ = {isa = PBXBuildFile; fileRef = 82718CF929D368E500545C32 /* MessagesViewModel.swift */; };
		82718CFD29D368E500545C32 /* ComposeViewModel.swift in Sources */ = {isa = PBXBuildFile; fileRef = 82718CFA29D368E500545C32 /* ComposeViewModel.swift */; };
		82718CFE29D368E500545C32 /* ChatViewModel.swift in Sources */ = {isa = PBXBuildFile; fileRef = 82718CFB29D368E500545C32 /* ChatViewModel.swift */; };
		82718D0429D368EA00545C32 /* MessagesView.swift in Sources */ = {isa = PBXBuildFile; fileRef = 82718CFF29D368EA00545C32 /* MessagesView.swift */; };
		82718D0529D368EA00545C32 /* ChatWindowContentView.swift in Sources */ = {isa = PBXBuildFile; fileRef = 82718D0029D368EA00545C32 /* ChatWindowContentView.swift */; };
		82718D0629D368EA00545C32 /* ChatView.swift in Sources */ = {isa = PBXBuildFile; fileRef = 82718D0129D368EA00545C32 /* ChatView.swift */; };
		82718D0729D368EA00545C32 /* ComposeView.swift in Sources */ = {isa = PBXBuildFile; fileRef = 82718D0229D368EA00545C32 /* ComposeView.swift */; };
		82718D0829D368EA00545C32 /* MessageBubbleView.swift in Sources */ = {isa = PBXBuildFile; fileRef = 82718D0329D368EA00545C32 /* MessageBubbleView.swift */; };
		828164CA29D59A20007AE984 /* ConfigureLlamaSourceView.swift in Sources */ = {isa = PBXBuildFile; fileRef = 828164C929D59A20007AE984 /* ConfigureLlamaSourceView.swift */; };
		828164CC29D59A39007AE984 /* ConfigureAlpacaSourceView.swift in Sources */ = {isa = PBXBuildFile; fileRef = 828164CB29D59A39007AE984 /* ConfigureAlpacaSourceView.swift */; };
		828164CE29D5D3A3007AE984 /* AddSourceSuccessView.swift in Sources */ = {isa = PBXBuildFile; fileRef = 828164CD29D5D3A3007AE984 /* AddSourceSuccessView.swift */; };
		82914CA329D5DB4900858B2C /* MainMenu.xib in Resources */ = {isa = PBXBuildFile; fileRef = 82914CA229D5DB4900858B2C /* MainMenu.xib */; };
		82914CC029D5EB7A00858B2C /* FileUtils.swift in Sources */ = {isa = PBXBuildFile; fileRef = 82914CBF29D5EB7A00858B2C /* FileUtils.swift */; };
		82914CC229D5ED9200858B2C /* ChatSourcesViewModel.swift in Sources */ = {isa = PBXBuildFile; fileRef = 82914CC129D5ED9200858B2C /* ChatSourcesViewModel.swift */; };
		82914CC529D6E69C00858B2C /* BorderlessTextField.swift in Sources */ = {isa = PBXBuildFile; fileRef = 82914CC429D6E69C00858B2C /* BorderlessTextField.swift */; };
		82914CC729D7646A00858B2C /* TypingBubbleContentView.swift in Sources */ = {isa = PBXBuildFile; fileRef = 82914CC629D7646A00858B2C /* TypingBubbleContentView.swift */; };
		82914CCA29D76A2F00858B2C /* Sender.swift in Sources */ = {isa = PBXBuildFile; fileRef = 82914CC929D76A2F00858B2C /* Sender.swift */; };
		82914CCC29D76ABE00858B2C /* StaticMessage.swift in Sources */ = {isa = PBXBuildFile; fileRef = 82914CCB29D76ABE00858B2C /* StaticMessage.swift */; };
		82914CCE29D76C0600858B2C /* GeneratedMessageViewModel.swift in Sources */ = {isa = PBXBuildFile; fileRef = 82914CCD29D76C0600858B2C /* GeneratedMessageViewModel.swift */; };
		82914CD029D76F6300858B2C /* GeneratedMessage.swift in Sources */ = {isa = PBXBuildFile; fileRef = 82914CCF29D76F6300858B2C /* GeneratedMessage.swift */; };
		82914CD829D79DD000858B2C /* MessageRowView.swift in Sources */ = {isa = PBXBuildFile; fileRef = 82914CD629D79D2500858B2C /* MessageRowView.swift */; };
		82914CDA29D79DFD00858B2C /* StaticMessageViewModel.swift in Sources */ = {isa = PBXBuildFile; fileRef = 82914CD929D79DFD00858B2C /* StaticMessageViewModel.swift */; };
		82914CE029D7A06C00858B2C /* Message.swift in Sources */ = {isa = PBXBuildFile; fileRef = 82914CDF29D7A06C00858B2C /* Message.swift */; };
		82914CE429D7A13C00858B2C /* MessageViewModel.swift in Sources */ = {isa = PBXBuildFile; fileRef = 82914CE329D7A13C00858B2C /* MessageViewModel.swift */; };
		82AE198B29D7A330008189DF /* GeneratedMessageView.swift in Sources */ = {isa = PBXBuildFile; fileRef = 82AE198A29D7A330008189DF /* GeneratedMessageView.swift */; };
		82AE198D29D7A803008189DF /* MessageGenerationState.swift in Sources */ = {isa = PBXBuildFile; fileRef = 82AE198C29D7A803008189DF /* MessageGenerationState.swift */; };
		82AE199029D7B07E008189DF /* SettingsWindowContentView.swift in Sources */ = {isa = PBXBuildFile; fileRef = 82AE198F29D7B07E008189DF /* SettingsWindowContentView.swift */; };
		82AE199229D7B216008189DF /* SettingsToolbar.swift in Sources */ = {isa = PBXBuildFile; fileRef = 82AE199129D7B216008189DF /* SettingsToolbar.swift */; };
		82AE199529D82FA5008189DF /* SettingsToolbarModel.swift in Sources */ = {isa = PBXBuildFile; fileRef = 82AE199429D82FA5008189DF /* SettingsToolbarModel.swift */; };
		82AE199829D83206008189DF /* SettingsWindowViewModel.swift in Sources */ = {isa = PBXBuildFile; fileRef = 82AE199729D83205008189DF /* SettingsWindowViewModel.swift */; };
		82AE199B29D834AE008189DF /* SourcesSettingsView.swift in Sources */ = {isa = PBXBuildFile; fileRef = 82AE199A29D834AE008189DF /* SourcesSettingsView.swift */; };
		82AE199D29D834D9008189DF /* SourcesSettingsViewModel.swift in Sources */ = {isa = PBXBuildFile; fileRef = 82AE199C29D834D9008189DF /* SourcesSettingsViewModel.swift */; };
/* End PBXBuildFile section */

/* Begin PBXFileReference section */
		8255EA4929D58A40000B9F83 /* SetupWindowContentView.swift */ = {isa = PBXFileReference; lastKnownFileType = sourcecode.swift; path = SetupWindowContentView.swift; sourceTree = "<group>"; };
		8255EA4B29D58AF4000B9F83 /* ChatSource.swift */ = {isa = PBXFileReference; lastKnownFileType = sourcecode.swift; path = ChatSource.swift; sourceTree = "<group>"; };
		8255EA4F29D58B2B000B9F83 /* ChatSources.swift */ = {isa = PBXFileReference; lastKnownFileType = sourcecode.swift; path = ChatSources.swift; sourceTree = "<group>"; };
		8255EA5329D58B89000B9F83 /* SetupViewModel.swift */ = {isa = PBXFileReference; lastKnownFileType = sourcecode.swift; path = SetupViewModel.swift; sourceTree = "<group>"; };
		8255EA5529D58C58000B9F83 /* ChatSourceType.swift */ = {isa = PBXFileReference; lastKnownFileType = sourcecode.swift; path = ChatSourceType.swift; sourceTree = "<group>"; };
		8255EA5729D58CE2000B9F83 /* SourceTypeSelectionView.swift */ = {isa = PBXFileReference; lastKnownFileType = sourcecode.swift; path = SourceTypeSelectionView.swift; sourceTree = "<group>"; };
		8255EA5929D58CF1000B9F83 /* SelectSourceTypeViewModel.swift */ = {isa = PBXFileReference; lastKnownFileType = sourcecode.swift; path = SelectSourceTypeViewModel.swift; sourceTree = "<group>"; };
		8255EA5B29D59690000B9F83 /* SelectSourceTypeView.swift */ = {isa = PBXFileReference; lastKnownFileType = sourcecode.swift; path = SelectSourceTypeView.swift; sourceTree = "<group>"; };
		8255EA5D29D59892000B9F83 /* ConfigureSourceViewModel.swift */ = {isa = PBXFileReference; lastKnownFileType = sourcecode.swift; path = ConfigureSourceViewModel.swift; sourceTree = "<group>"; };
		8255EA6029D599AB000B9F83 /* ConfigureLlamaSourceViewModel.swift */ = {isa = PBXFileReference; lastKnownFileType = sourcecode.swift; path = ConfigureLlamaSourceViewModel.swift; sourceTree = "<group>"; };
		8255EA6229D599C4000B9F83 /* ConfigureAlpacaSourceViewModel.swift */ = {isa = PBXFileReference; lastKnownFileType = sourcecode.swift; path = ConfigureAlpacaSourceViewModel.swift; sourceTree = "<group>"; };
		82718CDA29D3686200545C32 /* CamelChat.app */ = {isa = PBXFileReference; explicitFileType = wrapper.application; includeInIndex = 0; path = CamelChat.app; sourceTree = BUILT_PRODUCTS_DIR; };
		82718CDD29D3686200545C32 /* AppDelegate.swift */ = {isa = PBXFileReference; lastKnownFileType = sourcecode.swift; path = AppDelegate.swift; sourceTree = "<group>"; };
		82718CE129D3686300545C32 /* Assets.xcassets */ = {isa = PBXFileReference; lastKnownFileType = folder.assetcatalog; path = Assets.xcassets; sourceTree = "<group>"; };
		82718CE429D3686300545C32 /* Preview Assets.xcassets */ = {isa = PBXFileReference; lastKnownFileType = folder.assetcatalog; path = "Preview Assets.xcassets"; sourceTree = "<group>"; };
		82718CE629D3686300545C32 /* CamelChat.entitlements */ = {isa = PBXFileReference; lastKnownFileType = text.plist.entitlements; path = CamelChat.entitlements; sourceTree = "<group>"; };
		82718CEC29D3689B00545C32 /* ChatModel.swift */ = {isa = PBXFileReference; fileEncoding = 4; lastKnownFileType = sourcecode.swift; path = ChatModel.swift; sourceTree = "<group>"; };
		82718CF929D368E500545C32 /* MessagesViewModel.swift */ = {isa = PBXFileReference; fileEncoding = 4; lastKnownFileType = sourcecode.swift; path = MessagesViewModel.swift; sourceTree = "<group>"; };
		82718CFA29D368E500545C32 /* ComposeViewModel.swift */ = {isa = PBXFileReference; fileEncoding = 4; lastKnownFileType = sourcecode.swift; path = ComposeViewModel.swift; sourceTree = "<group>"; };
		82718CFB29D368E500545C32 /* ChatViewModel.swift */ = {isa = PBXFileReference; fileEncoding = 4; lastKnownFileType = sourcecode.swift; path = ChatViewModel.swift; sourceTree = "<group>"; };
		82718CFF29D368EA00545C32 /* MessagesView.swift */ = {isa = PBXFileReference; fileEncoding = 4; lastKnownFileType = sourcecode.swift; path = MessagesView.swift; sourceTree = "<group>"; };
		82718D0029D368EA00545C32 /* ChatWindowContentView.swift */ = {isa = PBXFileReference; fileEncoding = 4; lastKnownFileType = sourcecode.swift; path = ChatWindowContentView.swift; sourceTree = "<group>"; };
		82718D0129D368EA00545C32 /* ChatView.swift */ = {isa = PBXFileReference; fileEncoding = 4; lastKnownFileType = sourcecode.swift; path = ChatView.swift; sourceTree = "<group>"; };
		82718D0229D368EA00545C32 /* ComposeView.swift */ = {isa = PBXFileReference; fileEncoding = 4; lastKnownFileType = sourcecode.swift; path = ComposeView.swift; sourceTree = "<group>"; };
		82718D0329D368EA00545C32 /* MessageBubbleView.swift */ = {isa = PBXFileReference; fileEncoding = 4; lastKnownFileType = sourcecode.swift; path = MessageBubbleView.swift; sourceTree = "<group>"; };
		828164C929D59A20007AE984 /* ConfigureLlamaSourceView.swift */ = {isa = PBXFileReference; lastKnownFileType = sourcecode.swift; path = ConfigureLlamaSourceView.swift; sourceTree = "<group>"; };
		828164CB29D59A39007AE984 /* ConfigureAlpacaSourceView.swift */ = {isa = PBXFileReference; lastKnownFileType = sourcecode.swift; path = ConfigureAlpacaSourceView.swift; sourceTree = "<group>"; };
		828164CD29D5D3A3007AE984 /* AddSourceSuccessView.swift */ = {isa = PBXFileReference; lastKnownFileType = sourcecode.swift; path = AddSourceSuccessView.swift; sourceTree = "<group>"; };
		82914CA229D5DB4900858B2C /* MainMenu.xib */ = {isa = PBXFileReference; lastKnownFileType = file.xib; path = MainMenu.xib; sourceTree = "<group>"; };
		82914CBF29D5EB7A00858B2C /* FileUtils.swift */ = {isa = PBXFileReference; lastKnownFileType = sourcecode.swift; path = FileUtils.swift; sourceTree = "<group>"; };
		82914CC129D5ED9200858B2C /* ChatSourcesViewModel.swift */ = {isa = PBXFileReference; lastKnownFileType = sourcecode.swift; path = ChatSourcesViewModel.swift; sourceTree = "<group>"; };
		82914CC429D6E69C00858B2C /* BorderlessTextField.swift */ = {isa = PBXFileReference; lastKnownFileType = sourcecode.swift; path = BorderlessTextField.swift; sourceTree = "<group>"; };
		82914CC629D7646A00858B2C /* TypingBubbleContentView.swift */ = {isa = PBXFileReference; lastKnownFileType = sourcecode.swift; path = TypingBubbleContentView.swift; sourceTree = "<group>"; };
		82914CC929D76A2F00858B2C /* Sender.swift */ = {isa = PBXFileReference; lastKnownFileType = sourcecode.swift; path = Sender.swift; sourceTree = "<group>"; };
		82914CCB29D76ABE00858B2C /* StaticMessage.swift */ = {isa = PBXFileReference; lastKnownFileType = sourcecode.swift; path = StaticMessage.swift; sourceTree = "<group>"; };
		82914CCD29D76C0600858B2C /* GeneratedMessageViewModel.swift */ = {isa = PBXFileReference; lastKnownFileType = sourcecode.swift; path = GeneratedMessageViewModel.swift; sourceTree = "<group>"; };
		82914CCF29D76F6300858B2C /* GeneratedMessage.swift */ = {isa = PBXFileReference; lastKnownFileType = sourcecode.swift; path = GeneratedMessage.swift; sourceTree = "<group>"; };
		82914CD629D79D2500858B2C /* MessageRowView.swift */ = {isa = PBXFileReference; lastKnownFileType = sourcecode.swift; path = MessageRowView.swift; sourceTree = "<group>"; };
		82914CD929D79DFD00858B2C /* StaticMessageViewModel.swift */ = {isa = PBXFileReference; lastKnownFileType = sourcecode.swift; path = StaticMessageViewModel.swift; sourceTree = "<group>"; };
		82914CDF29D7A06C00858B2C /* Message.swift */ = {isa = PBXFileReference; lastKnownFileType = sourcecode.swift; path = Message.swift; sourceTree = "<group>"; };
		82914CE329D7A13C00858B2C /* MessageViewModel.swift */ = {isa = PBXFileReference; lastKnownFileType = sourcecode.swift; path = MessageViewModel.swift; sourceTree = "<group>"; };
		82AE198A29D7A330008189DF /* GeneratedMessageView.swift */ = {isa = PBXFileReference; lastKnownFileType = sourcecode.swift; path = GeneratedMessageView.swift; sourceTree = "<group>"; };
		82AE198C29D7A803008189DF /* MessageGenerationState.swift */ = {isa = PBXFileReference; lastKnownFileType = sourcecode.swift; path = MessageGenerationState.swift; sourceTree = "<group>"; };
		82AE198F29D7B07E008189DF /* SettingsWindowContentView.swift */ = {isa = PBXFileReference; lastKnownFileType = sourcecode.swift; path = SettingsWindowContentView.swift; sourceTree = "<group>"; };
		82AE199129D7B216008189DF /* SettingsToolbar.swift */ = {isa = PBXFileReference; lastKnownFileType = sourcecode.swift; path = SettingsToolbar.swift; sourceTree = "<group>"; };
		82AE199429D82FA5008189DF /* SettingsToolbarModel.swift */ = {isa = PBXFileReference; lastKnownFileType = sourcecode.swift; path = SettingsToolbarModel.swift; sourceTree = "<group>"; };
		82AE199729D83205008189DF /* SettingsWindowViewModel.swift */ = {isa = PBXFileReference; lastKnownFileType = sourcecode.swift; path = SettingsWindowViewModel.swift; sourceTree = "<group>"; };
		82AE199A29D834AE008189DF /* SourcesSettingsView.swift */ = {isa = PBXFileReference; lastKnownFileType = sourcecode.swift; path = SourcesSettingsView.swift; sourceTree = "<group>"; };
		82AE199C29D834D9008189DF /* SourcesSettingsViewModel.swift */ = {isa = PBXFileReference; lastKnownFileType = sourcecode.swift; path = SourcesSettingsViewModel.swift; sourceTree = "<group>"; };
/* End PBXFileReference section */

/* Begin PBXFrameworksBuildPhase section */
		82718CD729D3686200545C32 /* Frameworks */ = {
			isa = PBXFrameworksBuildPhase;
			buildActionMask = 2147483647;
			files = (
				8255EA4529D589C9000B9F83 /* llama in Frameworks */,
			);
			runOnlyForDeploymentPostprocessing = 0;
		};
/* End PBXFrameworksBuildPhase section */

/* Begin PBXGroup section */
		8255EA4729D58A0C000B9F83 /* chat */ = {
			isa = PBXGroup;
			children = (
				82718D0029D368EA00545C32 /* ChatWindowContentView.swift */,
				82718D0129D368EA00545C32 /* ChatView.swift */,
				82914CDC29D79F9A00858B2C /* composer */,
				82914CDB29D79F9200858B2C /* messages */,
			);
			path = chat;
			sourceTree = "<group>";
		};
		8255EA4829D58A1D000B9F83 /* setup */ = {
			isa = PBXGroup;
			children = (
				8255EA4929D58A40000B9F83 /* SetupWindowContentView.swift */,
				828164C829D59A0D007AE984 /* sources */,
			);
			path = setup;
			sourceTree = "<group>";
		};
		8255EA4D29D58B1C000B9F83 /* sources */ = {
			isa = PBXGroup;
			children = (
				8255EA4B29D58AF4000B9F83 /* ChatSource.swift */,
				8255EA4F29D58B2B000B9F83 /* ChatSources.swift */,
				8255EA5529D58C58000B9F83 /* ChatSourceType.swift */,
			);
			path = sources;
			sourceTree = "<group>";
		};
		8255EA4E29D58B21000B9F83 /* chat */ = {
			isa = PBXGroup;
			children = (
				82718CEC29D3689B00545C32 /* ChatModel.swift */,
				82914CC929D76A2F00858B2C /* Sender.swift */,
				82914CC829D76A1C00858B2C /* messages */,
			);
			path = chat;
			sourceTree = "<group>";
		};
		8255EA5129D58B6E000B9F83 /* chat */ = {
			isa = PBXGroup;
			children = (
				82914CC129D5ED9200858B2C /* ChatSourcesViewModel.swift */,
				82718CFB29D368E500545C32 /* ChatViewModel.swift */,
				82914CDE29D7A01900858B2C /* composer */,
				82914CDD29D7A00A00858B2C /* messages */,
			);
			path = chat;
			sourceTree = "<group>";
		};
		8255EA5229D58B78000B9F83 /* setup */ = {
			isa = PBXGroup;
			children = (
				8255EA5329D58B89000B9F83 /* SetupViewModel.swift */,
				8255EA5F29D5998B000B9F83 /* sources */,
			);
			path = setup;
			sourceTree = "<group>";
		};
		8255EA5F29D5998B000B9F83 /* sources */ = {
			isa = PBXGroup;
			children = (
				8255EA5929D58CF1000B9F83 /* SelectSourceTypeViewModel.swift */,
				8255EA5D29D59892000B9F83 /* ConfigureSourceViewModel.swift */,
				8255EA6229D599C4000B9F83 /* ConfigureAlpacaSourceViewModel.swift */,
				8255EA6029D599AB000B9F83 /* ConfigureLlamaSourceViewModel.swift */,
			);
			path = sources;
			sourceTree = "<group>";
		};
		82718CD129D3686200545C32 = {
			isa = PBXGroup;
			children = (
				82718CDC29D3686200545C32 /* CamelChat */,
				82718CDB29D3686200545C32 /* Products */,
			);
			sourceTree = "<group>";
		};
		82718CDB29D3686200545C32 /* Products */ = {
			isa = PBXGroup;
			children = (
				82718CDA29D3686200545C32 /* CamelChat.app */,
			);
			name = Products;
			sourceTree = "<group>";
		};
		82718CDC29D3686200545C32 /* CamelChat */ = {
			isa = PBXGroup;
			children = (
				82718CDD29D3686200545C32 /* AppDelegate.swift */,
				82718CF029D368A000545C32 /* model */,
				82718CF129D368C200545C32 /* ui */,
				82914CBE29D5EB7100858B2C /* util */,
				82718CF229D368C800545C32 /* viewmodel */,
				82718CE129D3686300545C32 /* Assets.xcassets */,
				82718CE629D3686300545C32 /* CamelChat.entitlements */,
				82914CA229D5DB4900858B2C /* MainMenu.xib */,
				82718CE329D3686300545C32 /* Preview Content */,
			);
			path = CamelChat;
			sourceTree = "<group>";
		};
		82718CE329D3686300545C32 /* Preview Content */ = {
			isa = PBXGroup;
			children = (
				82718CE429D3686300545C32 /* Preview Assets.xcassets */,
			);
			path = "Preview Content";
			sourceTree = "<group>";
		};
		82718CF029D368A000545C32 /* model */ = {
			isa = PBXGroup;
			children = (
				8255EA4E29D58B21000B9F83 /* chat */,
				8255EA4D29D58B1C000B9F83 /* sources */,
				82AE199329D82F95008189DF /* settings */,
			);
			path = model;
			sourceTree = "<group>";
		};
		82718CF129D368C200545C32 /* ui */ = {
			isa = PBXGroup;
			children = (
				82914CC329D6E68900858B2C /* components */,
				8255EA4729D58A0C000B9F83 /* chat */,
				8255EA4829D58A1D000B9F83 /* setup */,
				82AE198E29D7B072008189DF /* settings */,
			);
			path = ui;
			sourceTree = "<group>";
		};
		82718CF229D368C800545C32 /* viewmodel */ = {
			isa = PBXGroup;
			children = (
				8255EA5129D58B6E000B9F83 /* chat */,
				82AE199629D831F7008189DF /* settings */,
				8255EA5229D58B78000B9F83 /* setup */,
			);
			path = viewmodel;
			sourceTree = "<group>";
		};
		828164C829D59A0D007AE984 /* sources */ = {
			isa = PBXGroup;
			children = (
				8255EA5B29D59690000B9F83 /* SelectSourceTypeView.swift */,
				8255EA5729D58CE2000B9F83 /* SourceTypeSelectionView.swift */,
				828164CB29D59A39007AE984 /* ConfigureAlpacaSourceView.swift */,
				828164C929D59A20007AE984 /* ConfigureLlamaSourceView.swift */,
				828164CD29D5D3A3007AE984 /* AddSourceSuccessView.swift */,
			);
			path = sources;
			sourceTree = "<group>";
		};
		82914CBE29D5EB7100858B2C /* util */ = {
			isa = PBXGroup;
			children = (
				82914CBF29D5EB7A00858B2C /* FileUtils.swift */,
			);
			path = util;
			sourceTree = "<group>";
		};
		82914CC329D6E68900858B2C /* components */ = {
			isa = PBXGroup;
			children = (
				82914CC429D6E69C00858B2C /* BorderlessTextField.swift */,
			);
			path = components;
			sourceTree = "<group>";
		};
		82914CC829D76A1C00858B2C /* messages */ = {
			isa = PBXGroup;
			children = (
				82914CDF29D7A06C00858B2C /* Message.swift */,
				82914CCB29D76ABE00858B2C /* StaticMessage.swift */,
				82914CCF29D76F6300858B2C /* GeneratedMessage.swift */,
				82AE198C29D7A803008189DF /* MessageGenerationState.swift */,
			);
			path = messages;
			sourceTree = "<group>";
		};
		82914CDB29D79F9200858B2C /* messages */ = {
			isa = PBXGroup;
			children = (
				82AE198A29D7A330008189DF /* GeneratedMessageView.swift */,
				82718CFF29D368EA00545C32 /* MessagesView.swift */,
				82718D0329D368EA00545C32 /* MessageBubbleView.swift */,
				82914CD629D79D2500858B2C /* MessageRowView.swift */,
				82914CC629D7646A00858B2C /* TypingBubbleContentView.swift */,
			);
			path = messages;
			sourceTree = "<group>";
		};
		82914CDC29D79F9A00858B2C /* composer */ = {
			isa = PBXGroup;
			children = (
				82718D0229D368EA00545C32 /* ComposeView.swift */,
			);
			path = composer;
			sourceTree = "<group>";
		};
		82914CDD29D7A00A00858B2C /* messages */ = {
			isa = PBXGroup;
			children = (
				82914CE329D7A13C00858B2C /* MessageViewModel.swift */,
				82718CF929D368E500545C32 /* MessagesViewModel.swift */,
				82914CCD29D76C0600858B2C /* GeneratedMessageViewModel.swift */,
				82914CD929D79DFD00858B2C /* StaticMessageViewModel.swift */,
			);
			path = messages;
			sourceTree = "<group>";
		};
		82914CDE29D7A01900858B2C /* composer */ = {
			isa = PBXGroup;
			children = (
				82718CFA29D368E500545C32 /* ComposeViewModel.swift */,
			);
			path = composer;
			sourceTree = "<group>";
		};
		82AE198E29D7B072008189DF /* settings */ = {
			isa = PBXGroup;
			children = (
				82AE198F29D7B07E008189DF /* SettingsWindowContentView.swift */,
				82AE199129D7B216008189DF /* SettingsToolbar.swift */,
				82AE199929D8349A008189DF /* tabs */,
			);
			path = settings;
			sourceTree = "<group>";
		};
		82AE199329D82F95008189DF /* settings */ = {
			isa = PBXGroup;
			children = (
				82AE199429D82FA5008189DF /* SettingsToolbarModel.swift */,
			);
			path = settings;
			sourceTree = "<group>";
		};
		82AE199629D831F7008189DF /* settings */ = {
			isa = PBXGroup;
			children = (
				82AE199729D83205008189DF /* SettingsWindowViewModel.swift */,
				82AE199C29D834D9008189DF /* SourcesSettingsViewModel.swift */,
			);
			path = settings;
			sourceTree = "<group>";
		};
		82AE199929D8349A008189DF /* tabs */ = {
			isa = PBXGroup;
			children = (
				82AE199A29D834AE008189DF /* SourcesSettingsView.swift */,
			);
			path = tabs;
			sourceTree = "<group>";
		};
/* End PBXGroup section */

/* Begin PBXNativeTarget section */
		82718CD929D3686200545C32 /* CamelChat */ = {
			isa = PBXNativeTarget;
			buildConfigurationList = 82718CE929D3686300545C32 /* Build configuration list for PBXNativeTarget "CamelChat" */;
			buildPhases = (
				82718CD629D3686200545C32 /* Sources */,
				82718CD729D3686200545C32 /* Frameworks */,
				82718CD829D3686200545C32 /* Resources */,
			);
			buildRules = (
			);
			dependencies = (
			);
			name = CamelChat;
			packageProductDependencies = (
				8255EA4429D589C9000B9F83 /* llama */,
			);
			productName = Camel;
			productReference = 82718CDA29D3686200545C32 /* CamelChat.app */;
			productType = "com.apple.product-type.application";
		};
/* End PBXNativeTarget section */

/* Begin PBXProject section */
		82718CD229D3686200545C32 /* Project object */ = {
			isa = PBXProject;
			attributes = {
				BuildIndependentTargetsInParallel = 1;
				LastSwiftUpdateCheck = 1410;
				LastUpgradeCheck = 1410;
				TargetAttributes = {
					82718CD929D3686200545C32 = {
						CreatedOnToolsVersion = 14.1;
					};
				};
			};
			buildConfigurationList = 82718CD529D3686200545C32 /* Build configuration list for PBXProject "CamelChat" */;
			compatibilityVersion = "Xcode 14.0";
			developmentRegion = en;
			hasScannedForEncodings = 0;
			knownRegions = (
				en,
				Base,
			);
			mainGroup = 82718CD129D3686200545C32;
			packageReferences = (
				8255EA4329D589C9000B9F83 /* XCRemoteSwiftPackageReference "llama" */,
			);
			productRefGroup = 82718CDB29D3686200545C32 /* Products */;
			projectDirPath = "";
			projectRoot = "";
			targets = (
				82718CD929D3686200545C32 /* CamelChat */,
			);
		};
/* End PBXProject section */

/* Begin PBXResourcesBuildPhase section */
		82718CD829D3686200545C32 /* Resources */ = {
			isa = PBXResourcesBuildPhase;
			buildActionMask = 2147483647;
			files = (
				82718CE529D3686300545C32 /* Preview Assets.xcassets in Resources */,
				82718CE229D3686300545C32 /* Assets.xcassets in Resources */,
				82914CA329D5DB4900858B2C /* MainMenu.xib in Resources */,
			);
			runOnlyForDeploymentPostprocessing = 0;
		};
/* End PBXResourcesBuildPhase section */

/* Begin PBXSourcesBuildPhase section */
		82718CD629D3686200545C32 /* Sources */ = {
			isa = PBXSourcesBuildPhase;
			buildActionMask = 2147483647;
			files = (
				8255EA6129D599AB000B9F83 /* ConfigureLlamaSourceViewModel.swift in Sources */,
				82718D0829D368EA00545C32 /* MessageBubbleView.swift in Sources */,
				82718D0429D368EA00545C32 /* MessagesView.swift in Sources */,
				82914CC529D6E69C00858B2C /* BorderlessTextField.swift in Sources */,
				82914CCA29D76A2F00858B2C /* Sender.swift in Sources */,
				82718D0629D368EA00545C32 /* ChatView.swift in Sources */,
				82718D0729D368EA00545C32 /* ComposeView.swift in Sources */,
				8255EA6329D599C4000B9F83 /* ConfigureAlpacaSourceViewModel.swift in Sources */,
				82718CFE29D368E500545C32 /* ChatViewModel.swift in Sources */,
				82AE199829D83206008189DF /* SettingsWindowViewModel.swift in Sources */,
				82AE199D29D834D9008189DF /* SourcesSettingsViewModel.swift in Sources */,
				8255EA5A29D58CF1000B9F83 /* SelectSourceTypeViewModel.swift in Sources */,
				82914CE429D7A13C00858B2C /* MessageViewModel.swift in Sources */,
				82914CC029D5EB7A00858B2C /* FileUtils.swift in Sources */,
				82718CFC29D368E500545C32 /* MessagesViewModel.swift in Sources */,
				8255EA4C29D58AF4000B9F83 /* ChatSource.swift in Sources */,
				82AE199029D7B07E008189DF /* SettingsWindowContentView.swift in Sources */,
				82914CC229D5ED9200858B2C /* ChatSourcesViewModel.swift in Sources */,
				8255EA5029D58B2B000B9F83 /* ChatSources.swift in Sources */,
				8255EA5829D58CE2000B9F83 /* SourceTypeSelectionView.swift in Sources */,
				82914CC729D7646A00858B2C /* TypingBubbleContentView.swift in Sources */,
				828164CA29D59A20007AE984 /* ConfigureLlamaSourceView.swift in Sources */,
				82AE199229D7B216008189DF /* SettingsToolbar.swift in Sources */,
				8255EA4A29D58A40000B9F83 /* SetupWindowContentView.swift in Sources */,
				82914CCE29D76C0600858B2C /* GeneratedMessageViewModel.swift in Sources */,
				82718D0529D368EA00545C32 /* ChatWindowContentView.swift in Sources */,
				8255EA5E29D59892000B9F83 /* ConfigureSourceViewModel.swift in Sources */,
				82914CD829D79DD000858B2C /* MessageRowView.swift in Sources */,
				82914CDA29D79DFD00858B2C /* StaticMessageViewModel.swift in Sources */,
				8255EA5429D58B89000B9F83 /* SetupViewModel.swift in Sources */,
				82AE199B29D834AE008189DF /* SourcesSettingsView.swift in Sources */,
				82914CCC29D76ABE00858B2C /* StaticMessage.swift in Sources */,
				828164CE29D5D3A3007AE984 /* AddSourceSuccessView.swift in Sources */,
				82914CE029D7A06C00858B2C /* Message.swift in Sources */,
				82AE198B29D7A330008189DF /* GeneratedMessageView.swift in Sources */,
				8255EA5C29D59690000B9F83 /* SelectSourceTypeView.swift in Sources */,
				82914CD029D76F6300858B2C /* GeneratedMessage.swift in Sources */,
				8255EA5629D58C58000B9F83 /* ChatSourceType.swift in Sources */,
				82718CFD29D368E500545C32 /* ComposeViewModel.swift in Sources */,
				82718CDE29D3686200545C32 /* AppDelegate.swift in Sources */,
				82AE199529D82FA5008189DF /* SettingsToolbarModel.swift in Sources */,
				82718CEE29D3689B00545C32 /* ChatModel.swift in Sources */,
				828164CC29D59A39007AE984 /* ConfigureAlpacaSourceView.swift in Sources */,
				82AE198D29D7A803008189DF /* MessageGenerationState.swift in Sources */,
			);
			runOnlyForDeploymentPostprocessing = 0;
		};
/* End PBXSourcesBuildPhase section */

/* Begin XCBuildConfiguration section */
		82718CE729D3686300545C32 /* Debug */ = {
			isa = XCBuildConfiguration;
			buildSettings = {
				ALWAYS_SEARCH_USER_PATHS = NO;
				CLANG_ANALYZER_NONNULL = YES;
				CLANG_ANALYZER_NUMBER_OBJECT_CONVERSION = YES_AGGRESSIVE;
				CLANG_CXX_LANGUAGE_STANDARD = "gnu++20";
				CLANG_ENABLE_MODULES = YES;
				CLANG_ENABLE_OBJC_ARC = YES;
				CLANG_ENABLE_OBJC_WEAK = YES;
				CLANG_WARN_BLOCK_CAPTURE_AUTORELEASING = YES;
				CLANG_WARN_BOOL_CONVERSION = YES;
				CLANG_WARN_COMMA = YES;
				CLANG_WARN_CONSTANT_CONVERSION = YES;
				CLANG_WARN_DEPRECATED_OBJC_IMPLEMENTATIONS = YES;
				CLANG_WARN_DIRECT_OBJC_ISA_USAGE = YES_ERROR;
				CLANG_WARN_DOCUMENTATION_COMMENTS = YES;
				CLANG_WARN_EMPTY_BODY = YES;
				CLANG_WARN_ENUM_CONVERSION = YES;
				CLANG_WARN_INFINITE_RECURSION = YES;
				CLANG_WARN_INT_CONVERSION = YES;
				CLANG_WARN_NON_LITERAL_NULL_CONVERSION = YES;
				CLANG_WARN_OBJC_IMPLICIT_RETAIN_SELF = YES;
				CLANG_WARN_OBJC_LITERAL_CONVERSION = YES;
				CLANG_WARN_OBJC_ROOT_CLASS = YES_ERROR;
				CLANG_WARN_QUOTED_INCLUDE_IN_FRAMEWORK_HEADER = YES;
				CLANG_WARN_RANGE_LOOP_ANALYSIS = YES;
				CLANG_WARN_STRICT_PROTOTYPES = YES;
				CLANG_WARN_SUSPICIOUS_MOVE = YES;
				CLANG_WARN_UNGUARDED_AVAILABILITY = YES_AGGRESSIVE;
				CLANG_WARN_UNREACHABLE_CODE = YES;
				CLANG_WARN__DUPLICATE_METHOD_MATCH = YES;
				COPY_PHASE_STRIP = NO;
				DEBUG_INFORMATION_FORMAT = dwarf;
				ENABLE_STRICT_OBJC_MSGSEND = YES;
				ENABLE_TESTABILITY = YES;
				GCC_C_LANGUAGE_STANDARD = gnu11;
				GCC_DYNAMIC_NO_PIC = NO;
				GCC_NO_COMMON_BLOCKS = YES;
				GCC_OPTIMIZATION_LEVEL = 0;
				GCC_PREPROCESSOR_DEFINITIONS = (
					"DEBUG=1",
					"$(inherited)",
				);
				GCC_WARN_64_TO_32_BIT_CONVERSION = YES;
				GCC_WARN_ABOUT_RETURN_TYPE = YES_ERROR;
				GCC_WARN_UNDECLARED_SELECTOR = YES;
				GCC_WARN_UNINITIALIZED_AUTOS = YES_AGGRESSIVE;
				GCC_WARN_UNUSED_FUNCTION = YES;
				GCC_WARN_UNUSED_VARIABLE = YES;
				MACOSX_DEPLOYMENT_TARGET = 13.0;
				MTL_ENABLE_DEBUG_INFO = INCLUDE_SOURCE;
				MTL_FAST_MATH = YES;
				ONLY_ACTIVE_ARCH = YES;
				SDKROOT = macosx;
				SWIFT_ACTIVE_COMPILATION_CONDITIONS = DEBUG;
				SWIFT_OPTIMIZATION_LEVEL = "-Onone";
			};
			name = Debug;
		};
		82718CE829D3686300545C32 /* Release */ = {
			isa = XCBuildConfiguration;
			buildSettings = {
				ALWAYS_SEARCH_USER_PATHS = NO;
				CLANG_ANALYZER_NONNULL = YES;
				CLANG_ANALYZER_NUMBER_OBJECT_CONVERSION = YES_AGGRESSIVE;
				CLANG_CXX_LANGUAGE_STANDARD = "gnu++20";
				CLANG_ENABLE_MODULES = YES;
				CLANG_ENABLE_OBJC_ARC = YES;
				CLANG_ENABLE_OBJC_WEAK = YES;
				CLANG_WARN_BLOCK_CAPTURE_AUTORELEASING = YES;
				CLANG_WARN_BOOL_CONVERSION = YES;
				CLANG_WARN_COMMA = YES;
				CLANG_WARN_CONSTANT_CONVERSION = YES;
				CLANG_WARN_DEPRECATED_OBJC_IMPLEMENTATIONS = YES;
				CLANG_WARN_DIRECT_OBJC_ISA_USAGE = YES_ERROR;
				CLANG_WARN_DOCUMENTATION_COMMENTS = YES;
				CLANG_WARN_EMPTY_BODY = YES;
				CLANG_WARN_ENUM_CONVERSION = YES;
				CLANG_WARN_INFINITE_RECURSION = YES;
				CLANG_WARN_INT_CONVERSION = YES;
				CLANG_WARN_NON_LITERAL_NULL_CONVERSION = YES;
				CLANG_WARN_OBJC_IMPLICIT_RETAIN_SELF = YES;
				CLANG_WARN_OBJC_LITERAL_CONVERSION = YES;
				CLANG_WARN_OBJC_ROOT_CLASS = YES_ERROR;
				CLANG_WARN_QUOTED_INCLUDE_IN_FRAMEWORK_HEADER = YES;
				CLANG_WARN_RANGE_LOOP_ANALYSIS = YES;
				CLANG_WARN_STRICT_PROTOTYPES = YES;
				CLANG_WARN_SUSPICIOUS_MOVE = YES;
				CLANG_WARN_UNGUARDED_AVAILABILITY = YES_AGGRESSIVE;
				CLANG_WARN_UNREACHABLE_CODE = YES;
				CLANG_WARN__DUPLICATE_METHOD_MATCH = YES;
				COPY_PHASE_STRIP = NO;
				DEBUG_INFORMATION_FORMAT = "dwarf-with-dsym";
				ENABLE_NS_ASSERTIONS = NO;
				ENABLE_STRICT_OBJC_MSGSEND = YES;
				GCC_C_LANGUAGE_STANDARD = gnu11;
				GCC_NO_COMMON_BLOCKS = YES;
				GCC_WARN_64_TO_32_BIT_CONVERSION = YES;
				GCC_WARN_ABOUT_RETURN_TYPE = YES_ERROR;
				GCC_WARN_UNDECLARED_SELECTOR = YES;
				GCC_WARN_UNINITIALIZED_AUTOS = YES_AGGRESSIVE;
				GCC_WARN_UNUSED_FUNCTION = YES;
				GCC_WARN_UNUSED_VARIABLE = YES;
				MACOSX_DEPLOYMENT_TARGET = 13.0;
				MTL_ENABLE_DEBUG_INFO = NO;
				MTL_FAST_MATH = YES;
				SDKROOT = macosx;
				SWIFT_COMPILATION_MODE = wholemodule;
				SWIFT_OPTIMIZATION_LEVEL = "-O";
			};
			name = Release;
		};
		82718CEA29D3686300545C32 /* Debug */ = {
			isa = XCBuildConfiguration;
			buildSettings = {
				ASSETCATALOG_COMPILER_APPICON_NAME = AppIcon;
				ASSETCATALOG_COMPILER_GLOBAL_ACCENT_COLOR_NAME = AccentColor;
				CODE_SIGN_ENTITLEMENTS = CamelChat/CamelChat.entitlements;
				CODE_SIGN_STYLE = Manual;
				COMBINE_HIDPI_IMAGES = YES;
				CURRENT_PROJECT_VERSION = 1;
				DEVELOPMENT_ASSET_PATHS = "\"CamelChat/Preview Content\"";
				DEVELOPMENT_TEAM = "";
				ENABLE_HARDENED_RUNTIME = NO;
				ENABLE_PREVIEWS = YES;
				GENERATE_INFOPLIST_FILE = YES;
				INFOPLIST_KEY_NSHumanReadableCopyright = "";
				INFOPLIST_KEY_NSMainNibFile = MainMenu;
				LD_RUNPATH_SEARCH_PATHS = (
					"$(inherited)",
					"@executable_path/../Frameworks",
				);
				MARKETING_VERSION = 1.0;
				PRODUCT_BUNDLE_IDENTIFIER = com.alexrozanski.CamelChat;
				PRODUCT_NAME = "$(TARGET_NAME)";
				PROVISIONING_PROFILE_SPECIFIER = "";
				SWIFT_EMIT_LOC_STRINGS = YES;
				SWIFT_VERSION = 5.0;
			};
			name = Debug;
		};
		82718CEB29D3686300545C32 /* Release */ = {
			isa = XCBuildConfiguration;
			buildSettings = {
				ASSETCATALOG_COMPILER_APPICON_NAME = AppIcon;
				ASSETCATALOG_COMPILER_GLOBAL_ACCENT_COLOR_NAME = AccentColor;
				CODE_SIGN_ENTITLEMENTS = CamelChat/CamelChat.entitlements;
				CODE_SIGN_STYLE = Manual;
				COMBINE_HIDPI_IMAGES = YES;
				CURRENT_PROJECT_VERSION = 1;
				DEVELOPMENT_ASSET_PATHS = "\"CamelChat/Preview Content\"";
				DEVELOPMENT_TEAM = "";
				ENABLE_HARDENED_RUNTIME = NO;
				ENABLE_PREVIEWS = YES;
				GENERATE_INFOPLIST_FILE = YES;
				INFOPLIST_KEY_NSHumanReadableCopyright = "";
				INFOPLIST_KEY_NSMainNibFile = MainMenu;
				LD_RUNPATH_SEARCH_PATHS = (
					"$(inherited)",
					"@executable_path/../Frameworks",
				);
				MARKETING_VERSION = 1.0;
				PRODUCT_BUNDLE_IDENTIFIER = com.alexrozanski.CamelChat;
				PRODUCT_NAME = "$(TARGET_NAME)";
				PROVISIONING_PROFILE_SPECIFIER = "";
				SWIFT_EMIT_LOC_STRINGS = YES;
				SWIFT_VERSION = 5.0;
			};
			name = Release;
		};
/* End XCBuildConfiguration section */

/* Begin XCConfigurationList section */
		82718CD529D3686200545C32 /* Build configuration list for PBXProject "CamelChat" */ = {
			isa = XCConfigurationList;
			buildConfigurations = (
				82718CE729D3686300545C32 /* Debug */,
				82718CE829D3686300545C32 /* Release */,
			);
			defaultConfigurationIsVisible = 0;
			defaultConfigurationName = Release;
		};
		82718CE929D3686300545C32 /* Build configuration list for PBXNativeTarget "CamelChat" */ = {
			isa = XCConfigurationList;
			buildConfigurations = (
				82718CEA29D3686300545C32 /* Debug */,
				82718CEB29D3686300545C32 /* Release */,
			);
			defaultConfigurationIsVisible = 0;
			defaultConfigurationName = Release;
		};
/* End XCConfigurationList section */

/* Begin XCRemoteSwiftPackageReference section */
		8255EA4329D589C9000B9F83 /* XCRemoteSwiftPackageReference "llama" */ = {
			isa = XCRemoteSwiftPackageReference;
			repositoryURL = "https://github.com/alexrozanski/llama.swift/";
			requirement = {
				branch = v2;
				kind = branch;
			};
		};
/* End XCRemoteSwiftPackageReference section */

/* Begin XCSwiftPackageProductDependency section */
		8255EA4429D589C9000B9F83 /* llama */ = {
			isa = XCSwiftPackageProductDependency;
			package = 8255EA4329D589C9000B9F83 /* XCRemoteSwiftPackageReference "llama" */;
			productName = llama;
		};
/* End XCSwiftPackageProductDependency section */
	};
	rootObject = 82718CD229D3686200545C32 /* Project object */;
}
