{
  "pins" : [
    {
      "identity" : "alamofire",
      "kind" : "remoteSourceControl",
      "location" : "https://github.com/Alamofire/Alamofire.git",
      "state" : {
        "revision" : "78424be314842833c04bc3bef5b72e85fff99204",
        "version" : "5.6.4"
      }
    },
    {
      "identity" : "camellm",
      "kind" : "remoteSourceControl",
      "location" : "https://github.com/CameLLM/CameLLM.git",
      "state" : {
        "branch" : "main",
        "revision" : "7e84d9cd3fe470acecac134683c955e47d198221"
      }
    },
    {
      "identity" : "camellm-common",
      "kind" : "remoteSourceControl",
      "location" : "https://github.com/CameLLM/CameLLM-Common",
      "state" : {
        "branch" : "main",
        "revision" : "d64bf265c74c92e9984cb191063ffa03cbe40eb9"
      }
    },
    {
      "identity" : "camellm-llama",
      "kind" : "remoteSourceControl",
      "location" : "https://github.com/CameLLM/CameLLM-Llama.git",
      "state" : {
        "branch" : "main",
        "revision" : "8abceb9391eb701f0cd65f39826ba8fd2744e294"
      }
    },
    {
      "identity" : "camellm-plugin-harness",
      "kind" : "remoteSourceControl",
      "location" : "https://github.com/CameLLM/CameLLM-Plugin-Harness",
      "state" : {
        "branch" : "main",
        "revision" : "63d8f7241b9921c8103bc832d1edd8fdd1c2c59f"
      }
    },
    {
      "identity" : "coquille",
      "kind" : "remoteSourceControl",
      "location" : "https://github.com/alexrozanski/Coquille.git",
      "state" : {
        "branch" : "v0.3",
        "revision" : "4250068ef7d259e0023c099be58459e5d7dbcedd"
      }
    },
    {
      "identity" : "sparkle",
      "kind" : "remoteSourceControl",
      "location" : "https://github.com/sparkle-project/Sparkle",
      "state" : {
        "revision" : "7907f058bcef1132c9b4af6c049cac598330a5f9",
        "version" : "2.4.1"
      }
    },
    {
      "identity" : "sqlite.swift",
      "kind" : "remoteSourceControl",
      "location" : "https://github.com/stephencelis/SQLite.swift.git",
      "state" : {
        "revision" : "7a2e3cd27de56f6d396e84f63beefd0267b55ccb",
        "version" : "0.14.1"
      }
    }
  ],
  "version" : 2
}
