{
  "pins" : [
    {
      "identity" : "coquille",
      "kind" : "remoteSourceControl",
      "location" : "https://github.com/alexrozanski/Coquille.git",
      "state" : {
        "revision" : "ae4dbfbf2d423092e5bb02d1565fc1a2e2407ee3",
        "version" : "0.2.0"
      }
    },
    {
      "identity" : "llama.swift",
      "kind" : "localSourceControl",
      "location" : "/Users/rozanski/Documents/GitHub/llama.swift",
      "state" : {
        "branch" : "v2",
        "revision" : "870a4ef6bbbcb2e186693ff8d0b2e453a07dcc6c"
      }
    },
    {
      "identity" : "sqlite.swift",
      "kind" : "remoteSourceControl",
      "location" : "https://github.com/stephencelis/SQLite.swift.git",
      "state" : {
        "revision" : "7a2e3cd27de56f6d396e84f63beefd0267b55ccb",
        "version" : "0.14.1"
      }
    }
  ],
  "version" : 2
}
