{
  "pins" : [
    {
      "identity" : "coquille",
      "kind" : "remoteSourceControl",
      "location" : "https://github.com/alexrozanski/Coquille.git",
      "state" : {
        "branch" : "v0.3",
        "revision" : "4250068ef7d259e0023c099be58459e5d7dbcedd"
      }
    },
    {
      "identity" : "llama.swift",
      "kind" : "localSourceControl",
      "location" : "/Users/rozanski/Documents/GitHub/llama.swift",
      "state" : {
        "branch" : "v2",
        "revision" : "977c0bc7fc4007802f3f84bc2e411e8efc75a48d"
      }
    },
    {
      "identity" : "sqlite.swift",
      "kind" : "remoteSourceControl",
      "location" : "https://github.com/stephencelis/SQLite.swift.git",
      "state" : {
        "revision" : "7a2e3cd27de56f6d396e84f63beefd0267b55ccb",
        "version" : "0.14.1"
      }
    }
  ],
  "version" : 2
}
