// !$*UTF8*$!
{
	archiveVersion = 1;
	classes = {
	};
	objectVersion = 56;
	objects = {

/* Begin PBXBuildFile section */
		820C796029DEEA8F00F70723 /* DebouncedView.swift in Sources */ = {isa = PBXBuildFile; fileRef = 820C795F29DEEA8F00F70723 /* DebouncedView.swift */; };
		821B253929DFA39600CF1001 /* NSApplication+Settings.swift in Sources */ = {isa = PBXBuildFile; fileRef = 821B253829DFA39600CF1001 /* NSApplication+Settings.swift */; };
		821B254329E0A46B00CF1001 /* ConvertSourceView.swift in Sources */ = {isa = PBXBuildFile; fileRef = 821B254229E0A46B00CF1001 /* ConvertSourceView.swift */; };
		821B254829E0DD9200CF1001 /* ConvertSourceViewModel.swift in Sources */ = {isa = PBXBuildFile; fileRef = 821B254729E0DD9200CF1001 /* ConvertSourceViewModel.swift */; };
		821B254A29E0E86B00CF1001 /* NonEditableTextView.swift in Sources */ = {isa = PBXBuildFile; fileRef = 821B254929E0E86B00CF1001 /* NonEditableTextView.swift */; };
		821B254C29E10C6500CF1001 /* ConvertSourceStepViewModel.swift in Sources */ = {isa = PBXBuildFile; fileRef = 821B254B29E10C6500CF1001 /* ConvertSourceStepViewModel.swift */; };
		821B255529E1D98400CF1001 /* LlamaChatError.swift in Sources */ = {isa = PBXBuildFile; fileRef = 821B255429E1D98400CF1001 /* LlamaChatError.swift */; };
		821B255729E1F05000CF1001 /* NSScrollView+Bottom.swift in Sources */ = {isa = PBXBuildFile; fileRef = 821B255629E1F05000CF1001 /* NSScrollView+Bottom.swift */; };
		8227DA6B29D8586E000E554D /* ConfirmSheetDeletionContentView.swift in Sources */ = {isa = PBXBuildFile; fileRef = 8227DA6A29D8586E000E554D /* ConfirmSheetDeletionContentView.swift */; };
		8227DA6E29D858B7000E554D /* AddSourceContentView.swift in Sources */ = {isa = PBXBuildFile; fileRef = 8227DA6D29D858B7000E554D /* AddSourceContentView.swift */; };
		8227DA7129D86256000E554D /* SourcesSettingsListView.swift in Sources */ = {isa = PBXBuildFile; fileRef = 8227DA7029D86256000E554D /* SourcesSettingsListView.swift */; };
		8227DA7329D8626F000E554D /* SourcesSettingsDetailView.swift in Sources */ = {isa = PBXBuildFile; fileRef = 8227DA7229D8626F000E554D /* SourcesSettingsDetailView.swift */; };
		8227DA7829D86633000E554D /* SourcesSettingsDetailViewModel.swift in Sources */ = {isa = PBXBuildFile; fileRef = 8227DA7729D86633000E554D /* SourcesSettingsDetailViewModel.swift */; };
		8227DA7D29D870D3000E554D /* DidEndEditingTextField.swift in Sources */ = {isa = PBXBuildFile; fileRef = 8227DA7C29D870D3000E554D /* DidEndEditingTextField.swift */; };
		8227DA7F29D881D4000E554D /* ConfigureLocalModelSourceViewModel.swift in Sources */ = {isa = PBXBuildFile; fileRef = 8227DA7E29D881D4000E554D /* ConfigureLocalModelSourceViewModel.swift */; };
		8227DA8129D88228000E554D /* ConfigureLocalModelSourceView.swift in Sources */ = {isa = PBXBuildFile; fileRef = 8227DA8029D88228000E554D /* ConfigureLocalModelSourceView.swift */; };
		8227DA8D29D8D7E9000E554D /* ChatWindowContentViewModel.swift in Sources */ = {isa = PBXBuildFile; fileRef = 8227DA8C29D8D7E9000E554D /* ChatWindowContentViewModel.swift */; };
		8227DA9029D8D8D9000E554D /* StateRestoration.swift in Sources */ = {isa = PBXBuildFile; fileRef = 8227DA8F29D8D8D9000E554D /* StateRestoration.swift */; };
		8227DA9329D8F841000E554D /* SQLite in Frameworks */ = {isa = PBXBuildFile; productRef = 8227DA9229D8F841000E554D /* SQLite */; };
		8227DA9529D8F959000E554D /* MessagesModel.swift in Sources */ = {isa = PBXBuildFile; fileRef = 8227DA9429D8F959000E554D /* MessagesModel.swift */; };
		8227DA9729D911A4000E554D /* LlamaChatApp.swift in Sources */ = {isa = PBXBuildFile; fileRef = 8227DA9629D911A4000E554D /* LlamaChatApp.swift */; };
		8227DA9929D919FD000E554D /* ChatInfoView.swift in Sources */ = {isa = PBXBuildFile; fileRef = 8227DA9829D919FD000E554D /* ChatInfoView.swift */; };
		8227DA9B29D91A1C000E554D /* ChatInfoViewModel.swift in Sources */ = {isa = PBXBuildFile; fileRef = 8227DA9A29D91A1C000E554D /* ChatInfoViewModel.swift */; };
		8227DA9E29D9812F000E554D /* AddSourceFlowPresentationStyle.swift in Sources */ = {isa = PBXBuildFile; fileRef = 8227DA9D29D9812F000E554D /* AddSourceFlowPresentationStyle.swift */; };
		8227DAA029D98577000E554D /* ChatListView.swift in Sources */ = {isa = PBXBuildFile; fileRef = 8227DA9F29D98577000E554D /* ChatListView.swift */; };
		8227DAC429DA4915000E554D /* ModelSize.swift in Sources */ = {isa = PBXBuildFile; fileRef = 8227DAC329DA4915000E554D /* ModelSize.swift */; };
		8227DACA29DA5080000E554D /* names.json in Resources */ = {isa = PBXBuildFile; fileRef = 8227DAC929DA5080000E554D /* names.json */; };
		8227DACC29DA53EA000E554D /* SourceNameGenerator.swift in Sources */ = {isa = PBXBuildFile; fileRef = 8227DACB29DA53EA000E554D /* SourceNameGenerator.swift */; };
		8255EA5029D58B2B000B9F83 /* ChatSources.swift in Sources */ = {isa = PBXBuildFile; fileRef = 8255EA4F29D58B2B000B9F83 /* ChatSources.swift */; };
		8255EA5629D58C58000B9F83 /* ChatSourceType.swift in Sources */ = {isa = PBXBuildFile; fileRef = 8255EA5529D58C58000B9F83 /* ChatSourceType.swift */; };
		8255EA5829D58CE2000B9F83 /* SourceTypeSelectionView.swift in Sources */ = {isa = PBXBuildFile; fileRef = 8255EA5729D58CE2000B9F83 /* SourceTypeSelectionView.swift */; };
		8255EA5A29D58CF1000B9F83 /* SelectSourceTypeViewModel.swift in Sources */ = {isa = PBXBuildFile; fileRef = 8255EA5929D58CF1000B9F83 /* SelectSourceTypeViewModel.swift */; };
		8255EA5C29D59690000B9F83 /* SelectSourceTypeView.swift in Sources */ = {isa = PBXBuildFile; fileRef = 8255EA5B29D59690000B9F83 /* SelectSourceTypeView.swift */; };
		826F4C6B29DCFBB90099A729 /* DebugBuildBannerView.swift in Sources */ = {isa = PBXBuildFile; fileRef = 826F4C6A29DCFBB90099A729 /* DebugBuildBannerView.swift */; };
		826F4C6D29DCFFFD0099A729 /* ClearedContextMessageViewModel.swift in Sources */ = {isa = PBXBuildFile; fileRef = 826F4C6C29DCFFFD0099A729 /* ClearedContextMessageViewModel.swift */; };
		826F4C6F29DD05110099A729 /* ClearedContextMessageView.swift in Sources */ = {isa = PBXBuildFile; fileRef = 826F4C6E29DD05110099A729 /* ClearedContextMessageView.swift */; };
		82718CE229D3686300545C32 /* Assets.xcassets in Resources */ = {isa = PBXBuildFile; fileRef = 82718CE129D3686300545C32 /* Assets.xcassets */; };
		82718CE529D3686300545C32 /* Preview Assets.xcassets in Resources */ = {isa = PBXBuildFile; fileRef = 82718CE429D3686300545C32 /* Preview Assets.xcassets */; };
		82718CEE29D3689B00545C32 /* ChatModels.swift in Sources */ = {isa = PBXBuildFile; fileRef = 82718CEC29D3689B00545C32 /* ChatModels.swift */; };
		82718CFC29D368E500545C32 /* MessagesViewModel.swift in Sources */ = {isa = PBXBuildFile; fileRef = 82718CF929D368E500545C32 /* MessagesViewModel.swift */; };
		82718CFD29D368E500545C32 /* ComposeViewModel.swift in Sources */ = {isa = PBXBuildFile; fileRef = 82718CFA29D368E500545C32 /* ComposeViewModel.swift */; };
		82718CFE29D368E500545C32 /* ChatViewModel.swift in Sources */ = {isa = PBXBuildFile; fileRef = 82718CFB29D368E500545C32 /* ChatViewModel.swift */; };
		82718D0429D368EA00545C32 /* MessagesView.swift in Sources */ = {isa = PBXBuildFile; fileRef = 82718CFF29D368EA00545C32 /* MessagesView.swift */; };
		82718D0529D368EA00545C32 /* MainChatView.swift in Sources */ = {isa = PBXBuildFile; fileRef = 82718D0029D368EA00545C32 /* MainChatView.swift */; };
		82718D0629D368EA00545C32 /* ChatView.swift in Sources */ = {isa = PBXBuildFile; fileRef = 82718D0129D368EA00545C32 /* ChatView.swift */; };
		82718D0729D368EA00545C32 /* ComposeView.swift in Sources */ = {isa = PBXBuildFile; fileRef = 82718D0229D368EA00545C32 /* ComposeView.swift */; };
		82718D0829D368EA00545C32 /* MessageBubbleView.swift in Sources */ = {isa = PBXBuildFile; fileRef = 82718D0329D368EA00545C32 /* MessageBubbleView.swift */; };
		82914CC029D5EB7A00858B2C /* FileUtils.swift in Sources */ = {isa = PBXBuildFile; fileRef = 82914CBF29D5EB7A00858B2C /* FileUtils.swift */; };
		82914CC229D5ED9200858B2C /* ChatListViewModel.swift in Sources */ = {isa = PBXBuildFile; fileRef = 82914CC129D5ED9200858B2C /* ChatListViewModel.swift */; };
		82914CC529D6E69C00858B2C /* BorderlessTextField.swift in Sources */ = {isa = PBXBuildFile; fileRef = 82914CC429D6E69C00858B2C /* BorderlessTextField.swift */; };
		82914CC729D7646A00858B2C /* TypingBubbleContentView.swift in Sources */ = {isa = PBXBuildFile; fileRef = 82914CC629D7646A00858B2C /* TypingBubbleContentView.swift */; };
		82914CCA29D76A2F00858B2C /* Sender.swift in Sources */ = {isa = PBXBuildFile; fileRef = 82914CC929D76A2F00858B2C /* Sender.swift */; };
		82914CCC29D76ABE00858B2C /* StaticMessage.swift in Sources */ = {isa = PBXBuildFile; fileRef = 82914CCB29D76ABE00858B2C /* StaticMessage.swift */; };
		82914CCE29D76C0600858B2C /* GeneratedMessageViewModel.swift in Sources */ = {isa = PBXBuildFile; fileRef = 82914CCD29D76C0600858B2C /* GeneratedMessageViewModel.swift */; };
		82914CD029D76F6300858B2C /* GeneratedMessage.swift in Sources */ = {isa = PBXBuildFile; fileRef = 82914CCF29D76F6300858B2C /* GeneratedMessage.swift */; };
		82914CDA29D79DFD00858B2C /* StaticMessageViewModel.swift in Sources */ = {isa = PBXBuildFile; fileRef = 82914CD929D79DFD00858B2C /* StaticMessageViewModel.swift */; };
		82914CE029D7A06C00858B2C /* Message.swift in Sources */ = {isa = PBXBuildFile; fileRef = 82914CDF29D7A06C00858B2C /* Message.swift */; };
		82914CE429D7A13C00858B2C /* MessageViewModel.swift in Sources */ = {isa = PBXBuildFile; fileRef = 82914CE329D7A13C00858B2C /* MessageViewModel.swift */; };
		82980F1E29E37D15000329E6 /* ModelFileManager.swift in Sources */ = {isa = PBXBuildFile; fileRef = 82980F1D29E37D15000329E6 /* ModelFileManager.swift */; };
		82A7B4E029DE42B500BCBB6B /* ConfigureLocalModelSelectFormatView.swift in Sources */ = {isa = PBXBuildFile; fileRef = 82A7B4DF29DE42B500BCBB6B /* ConfigureLocalModelSelectFormatView.swift */; };
		82A7B4E429DE439F00BCBB6B /* ConfigureLocalModelPathSelectorView.swift in Sources */ = {isa = PBXBuildFile; fileRef = 82A7B4E329DE439F00BCBB6B /* ConfigureLocalModelPathSelectorView.swift */; };
		82A7B4E629DE46F600BCBB6B /* ConfigureLocalPyTorchModelSettingsView.swift in Sources */ = {isa = PBXBuildFile; fileRef = 82A7B4E529DE46F600BCBB6B /* ConfigureLocalPyTorchModelSettingsView.swift */; };
		82A7B4E929DE472800BCBB6B /* ConfigureLocalGgmlModelSettingsView.swift in Sources */ = {isa = PBXBuildFile; fileRef = 82A7B4E829DE472800BCBB6B /* ConfigureLocalGgmlModelSettingsView.swift */; };
		82A7B4EB29DE484600BCBB6B /* ConfigureLocalGgmlModelSettingsViewModel.swift in Sources */ = {isa = PBXBuildFile; fileRef = 82A7B4EA29DE484600BCBB6B /* ConfigureLocalGgmlModelSettingsViewModel.swift */; };
		82A7B4ED29DE48E900BCBB6B /* ConfigureLocalModelSettingsViewModel.swift in Sources */ = {isa = PBXBuildFile; fileRef = 82A7B4EC29DE48E900BCBB6B /* ConfigureLocalModelSettingsViewModel.swift */; };
		82AE198B29D7A330008189DF /* GeneratedMessageView.swift in Sources */ = {isa = PBXBuildFile; fileRef = 82AE198A29D7A330008189DF /* GeneratedMessageView.swift */; };
		82AE198D29D7A803008189DF /* MessageGenerationState.swift in Sources */ = {isa = PBXBuildFile; fileRef = 82AE198C29D7A803008189DF /* MessageGenerationState.swift */; };
		82AE199029D7B07E008189DF /* SettingsView.swift in Sources */ = {isa = PBXBuildFile; fileRef = 82AE198F29D7B07E008189DF /* SettingsView.swift */; };
		82AE199829D83206008189DF /* SettingsViewModel.swift in Sources */ = {isa = PBXBuildFile; fileRef = 82AE199729D83205008189DF /* SettingsViewModel.swift */; };
		82AE199B29D834AE008189DF /* SourcesSettingsView.swift in Sources */ = {isa = PBXBuildFile; fileRef = 82AE199A29D834AE008189DF /* SourcesSettingsView.swift */; };
		82AE199D29D834D9008189DF /* SourcesSettingsViewModel.swift in Sources */ = {isa = PBXBuildFile; fileRef = 82AE199C29D834D9008189DF /* SourcesSettingsViewModel.swift */; };
		82C6869A29DA627800B76BA6 /* AvatarView.swift in Sources */ = {isa = PBXBuildFile; fileRef = 82C6869929DA627800B76BA6 /* AvatarView.swift */; };
		82C6869C29DA636600B76BA6 /* AvatarViewModel.swift in Sources */ = {isa = PBXBuildFile; fileRef = 82C6869B29DA636600B76BA6 /* AvatarViewModel.swift */; };
		82C686A529DAEC6C00B76BA6 /* ModelContextView.swift in Sources */ = {isa = PBXBuildFile; fileRef = 82C686A429DAEC6C00B76BA6 /* ModelContextView.swift */; };
		82C686A829DAF32300B76BA6 /* ModelContextContentViewModel.swift in Sources */ = {isa = PBXBuildFile; fileRef = 82C686A729DAF32300B76BA6 /* ModelContextContentViewModel.swift */; };
		82C686AC29DB344100B76BA6 /* ClearedContextMessage.swift in Sources */ = {isa = PBXBuildFile; fileRef = 82C686AB29DB344100B76BA6 /* ClearedContextMessage.swift */; };
		82C68BEB29E77CC900A7A4AE /* Sparkle in Frameworks */ = {isa = PBXBuildFile; productRef = 82C68BEA29E77CC900A7A4AE /* Sparkle */; };
		82C68BEE29E77F3700A7A4AE /* CheckForUpdatesViewModel.swift in Sources */ = {isa = PBXBuildFile; fileRef = 82C68BED29E77F3700A7A4AE /* CheckForUpdatesViewModel.swift */; };
		82E3F1D829DF2865003F0368 /* ConfigureSourceViewModel.swift in Sources */ = {isa = PBXBuildFile; fileRef = 82E3F1D729DF2865003F0368 /* ConfigureSourceViewModel.swift */; };
		82E3F1DC29DF37DA003F0368 /* AddSourceViewModel.swift in Sources */ = {isa = PBXBuildFile; fileRef = 82E3F1DB29DF37DA003F0368 /* AddSourceViewModel.swift */; };
		82E43C9429E8AE6E003E69D1 /* ConvertSourcePrimaryActionsView.swift in Sources */ = {isa = PBXBuildFile; fileRef = 82E43C9329E8AE6E003E69D1 /* ConvertSourcePrimaryActionsView.swift */; };
		82E43C9629E8AF1E003E69D1 /* ConvertSourceStepView.swift in Sources */ = {isa = PBXBuildFile; fileRef = 82E43C9529E8AF1E003E69D1 /* ConvertSourceStepView.swift */; };
		82E43C9829E8B099003E69D1 /* ConfigureSourcePrimaryActionsView.swift in Sources */ = {isa = PBXBuildFile; fileRef = 82E43C9729E8B099003E69D1 /* ConfigureSourcePrimaryActionsView.swift */; };
		82E43CA429E8D399003E69D1 /* ConfigureLocalPyTorchModelSettingsViewModel copy.swift in Sources */ = {isa = PBXBuildFile; fileRef = 82E43CA329E8D399003E69D1 /* ConfigureLocalPyTorchModelSettingsViewModel copy.swift */; };
		82E43CA929E8D3FA003E69D1 /* ConfigureDownloadableModelSourceViewModel.swift in Sources */ = {isa = PBXBuildFile; fileRef = 82E43CA829E8D3FA003E69D1 /* ConfigureDownloadableModelSourceViewModel.swift */; };
		82E43CAC29E8D58F003E69D1 /* ConfigureDownloadableModelSourceView.swift in Sources */ = {isa = PBXBuildFile; fileRef = 82E43CAB29E8D58F003E69D1 /* ConfigureDownloadableModelSourceView.swift */; };
		82E43CAF29E8D675003E69D1 /* DownloadsManager.swift in Sources */ = {isa = PBXBuildFile; fileRef = 82E43CAE29E8D675003E69D1 /* DownloadsManager.swift */; };
		82E43CB229E8D6F3003E69D1 /* Alamofire in Frameworks */ = {isa = PBXBuildFile; productRef = 82E43CB129E8D6F3003E69D1 /* Alamofire */; };
		82E7FFE329DE4CA800BF0251 /* ConfigureLocalModelPathSelectorViewModel.swift in Sources */ = {isa = PBXBuildFile; fileRef = 82E7FFE229DE4CA800BF0251 /* ConfigureLocalModelPathSelectorViewModel.swift */; };
		82E7FFE729DE5B1F00BF0251 /* ConfigureLocalModelSizePickerView.swift in Sources */ = {isa = PBXBuildFile; fileRef = 82E7FFE629DE5B1F00BF0251 /* ConfigureLocalModelSizePickerView.swift */; };
		82E7FFE929DE5B7100BF0251 /* ConfigureLocalModelSizePickerViewModel.swift in Sources */ = {isa = PBXBuildFile; fileRef = 82E7FFE829DE5B7100BF0251 /* ConfigureLocalModelSizePickerViewModel.swift */; };
		82F14EA329E45C5D001E9C1E /* AvatarPickerView.swift in Sources */ = {isa = PBXBuildFile; fileRef = 82F14EA229E45C5D001E9C1E /* AvatarPickerView.swift */; };
		82F14EA629E46454001E9C1E /* llama in Frameworks */ = {isa = PBXBuildFile; productRef = 82F14EA529E46454001E9C1E /* llama */; };
		82F14EA829E4D2DD001E9C1E /* Credits.rtf in Resources */ = {isa = PBXBuildFile; fileRef = 82F14EA729E4D2DD001E9C1E /* Credits.rtf */; };
		82F76A0529E6B6E0007B8A2D /* Text+TextSelection.swift in Sources */ = {isa = PBXBuildFile; fileRef = 82F76A0429E6B6E0007B8A2D /* Text+TextSelection.swift */; };
/* End PBXBuildFile section */

/* Begin PBXFileReference section */
		820C795F29DEEA8F00F70723 /* DebouncedView.swift */ = {isa = PBXFileReference; lastKnownFileType = sourcecode.swift; path = DebouncedView.swift; sourceTree = "<group>"; };
		821B253829DFA39600CF1001 /* NSApplication+Settings.swift */ = {isa = PBXFileReference; lastKnownFileType = sourcecode.swift; path = "NSApplication+Settings.swift"; sourceTree = "<group>"; };
		821B254229E0A46B00CF1001 /* ConvertSourceView.swift */ = {isa = PBXFileReference; lastKnownFileType = sourcecode.swift; path = ConvertSourceView.swift; sourceTree = "<group>"; };
		821B254729E0DD9200CF1001 /* ConvertSourceViewModel.swift */ = {isa = PBXFileReference; lastKnownFileType = sourcecode.swift; path = ConvertSourceViewModel.swift; sourceTree = "<group>"; };
		821B254929E0E86B00CF1001 /* NonEditableTextView.swift */ = {isa = PBXFileReference; lastKnownFileType = sourcecode.swift; path = NonEditableTextView.swift; sourceTree = "<group>"; };
		821B254B29E10C6500CF1001 /* ConvertSourceStepViewModel.swift */ = {isa = PBXFileReference; lastKnownFileType = sourcecode.swift; path = ConvertSourceStepViewModel.swift; sourceTree = "<group>"; };
		821B255429E1D98400CF1001 /* LlamaChatError.swift */ = {isa = PBXFileReference; lastKnownFileType = sourcecode.swift; path = LlamaChatError.swift; sourceTree = "<group>"; };
		821B255629E1F05000CF1001 /* NSScrollView+Bottom.swift */ = {isa = PBXFileReference; lastKnownFileType = sourcecode.swift; path = "NSScrollView+Bottom.swift"; sourceTree = "<group>"; };
		8227DA6A29D8586E000E554D /* ConfirmSheetDeletionContentView.swift */ = {isa = PBXFileReference; lastKnownFileType = sourcecode.swift; path = ConfirmSheetDeletionContentView.swift; sourceTree = "<group>"; };
		8227DA6D29D858B7000E554D /* AddSourceContentView.swift */ = {isa = PBXFileReference; lastKnownFileType = sourcecode.swift; path = AddSourceContentView.swift; sourceTree = "<group>"; };
		8227DA7029D86256000E554D /* SourcesSettingsListView.swift */ = {isa = PBXFileReference; lastKnownFileType = sourcecode.swift; path = SourcesSettingsListView.swift; sourceTree = "<group>"; };
		8227DA7229D8626F000E554D /* SourcesSettingsDetailView.swift */ = {isa = PBXFileReference; lastKnownFileType = sourcecode.swift; path = SourcesSettingsDetailView.swift; sourceTree = "<group>"; };
		8227DA7729D86633000E554D /* SourcesSettingsDetailViewModel.swift */ = {isa = PBXFileReference; lastKnownFileType = sourcecode.swift; path = SourcesSettingsDetailViewModel.swift; sourceTree = "<group>"; };
		8227DA7C29D870D3000E554D /* DidEndEditingTextField.swift */ = {isa = PBXFileReference; lastKnownFileType = sourcecode.swift; path = DidEndEditingTextField.swift; sourceTree = "<group>"; };
		8227DA7E29D881D4000E554D /* ConfigureLocalModelSourceViewModel.swift */ = {isa = PBXFileReference; lastKnownFileType = sourcecode.swift; path = ConfigureLocalModelSourceViewModel.swift; sourceTree = "<group>"; };
		8227DA8029D88228000E554D /* ConfigureLocalModelSourceView.swift */ = {isa = PBXFileReference; lastKnownFileType = sourcecode.swift; path = ConfigureLocalModelSourceView.swift; sourceTree = "<group>"; };
		8227DA8C29D8D7E9000E554D /* ChatWindowContentViewModel.swift */ = {isa = PBXFileReference; lastKnownFileType = sourcecode.swift; path = ChatWindowContentViewModel.swift; sourceTree = "<group>"; };
		8227DA8F29D8D8D9000E554D /* StateRestoration.swift */ = {isa = PBXFileReference; lastKnownFileType = sourcecode.swift; path = StateRestoration.swift; sourceTree = "<group>"; };
		8227DA9429D8F959000E554D /* MessagesModel.swift */ = {isa = PBXFileReference; lastKnownFileType = sourcecode.swift; path = MessagesModel.swift; sourceTree = "<group>"; };
		8227DA9629D911A4000E554D /* LlamaChatApp.swift */ = {isa = PBXFileReference; lastKnownFileType = sourcecode.swift; path = LlamaChatApp.swift; sourceTree = "<group>"; };
		8227DA9829D919FD000E554D /* ChatInfoView.swift */ = {isa = PBXFileReference; lastKnownFileType = sourcecode.swift; path = ChatInfoView.swift; sourceTree = "<group>"; };
		8227DA9A29D91A1C000E554D /* ChatInfoViewModel.swift */ = {isa = PBXFileReference; lastKnownFileType = sourcecode.swift; path = ChatInfoViewModel.swift; sourceTree = "<group>"; };
		8227DA9C29D91F33000E554D /* Info.plist */ = {isa = PBXFileReference; lastKnownFileType = text.plist; path = Info.plist; sourceTree = "<group>"; };
		8227DA9D29D9812F000E554D /* AddSourceFlowPresentationStyle.swift */ = {isa = PBXFileReference; lastKnownFileType = sourcecode.swift; path = AddSourceFlowPresentationStyle.swift; sourceTree = "<group>"; };
		8227DA9F29D98577000E554D /* ChatListView.swift */ = {isa = PBXFileReference; lastKnownFileType = sourcecode.swift; path = ChatListView.swift; sourceTree = "<group>"; };
		8227DAC329DA4915000E554D /* ModelSize.swift */ = {isa = PBXFileReference; lastKnownFileType = sourcecode.swift; path = ModelSize.swift; sourceTree = "<group>"; };
		8227DAC929DA5080000E554D /* names.json */ = {isa = PBXFileReference; lastKnownFileType = text.json; path = names.json; sourceTree = "<group>"; };
		8227DACB29DA53EA000E554D /* SourceNameGenerator.swift */ = {isa = PBXFileReference; lastKnownFileType = sourcecode.swift; path = SourceNameGenerator.swift; sourceTree = "<group>"; };
		8255EA4F29D58B2B000B9F83 /* ChatSources.swift */ = {isa = PBXFileReference; lastKnownFileType = sourcecode.swift; path = ChatSources.swift; sourceTree = "<group>"; };
		8255EA5529D58C58000B9F83 /* ChatSourceType.swift */ = {isa = PBXFileReference; lastKnownFileType = sourcecode.swift; path = ChatSourceType.swift; sourceTree = "<group>"; };
		8255EA5729D58CE2000B9F83 /* SourceTypeSelectionView.swift */ = {isa = PBXFileReference; lastKnownFileType = sourcecode.swift; path = SourceTypeSelectionView.swift; sourceTree = "<group>"; };
		8255EA5929D58CF1000B9F83 /* SelectSourceTypeViewModel.swift */ = {isa = PBXFileReference; lastKnownFileType = sourcecode.swift; path = SelectSourceTypeViewModel.swift; sourceTree = "<group>"; };
		8255EA5B29D59690000B9F83 /* SelectSourceTypeView.swift */ = {isa = PBXFileReference; lastKnownFileType = sourcecode.swift; path = SelectSourceTypeView.swift; sourceTree = "<group>"; };
		826F4C6A29DCFBB90099A729 /* DebugBuildBannerView.swift */ = {isa = PBXFileReference; lastKnownFileType = sourcecode.swift; path = DebugBuildBannerView.swift; sourceTree = "<group>"; };
		826F4C6C29DCFFFD0099A729 /* ClearedContextMessageViewModel.swift */ = {isa = PBXFileReference; lastKnownFileType = sourcecode.swift; path = ClearedContextMessageViewModel.swift; sourceTree = "<group>"; };
		826F4C6E29DD05110099A729 /* ClearedContextMessageView.swift */ = {isa = PBXFileReference; lastKnownFileType = sourcecode.swift; path = ClearedContextMessageView.swift; sourceTree = "<group>"; };
		82718CDA29D3686200545C32 /* LlamaChat.app */ = {isa = PBXFileReference; explicitFileType = wrapper.application; includeInIndex = 0; path = LlamaChat.app; sourceTree = BUILT_PRODUCTS_DIR; };
		82718CE129D3686300545C32 /* Assets.xcassets */ = {isa = PBXFileReference; lastKnownFileType = folder.assetcatalog; path = Assets.xcassets; sourceTree = "<group>"; };
		82718CE429D3686300545C32 /* Preview Assets.xcassets */ = {isa = PBXFileReference; lastKnownFileType = folder.assetcatalog; path = "Preview Assets.xcassets"; sourceTree = "<group>"; };
		82718CEC29D3689B00545C32 /* ChatModels.swift */ = {isa = PBXFileReference; fileEncoding = 4; lastKnownFileType = sourcecode.swift; path = ChatModels.swift; sourceTree = "<group>"; };
		82718CF929D368E500545C32 /* MessagesViewModel.swift */ = {isa = PBXFileReference; fileEncoding = 4; lastKnownFileType = sourcecode.swift; path = MessagesViewModel.swift; sourceTree = "<group>"; };
		82718CFA29D368E500545C32 /* ComposeViewModel.swift */ = {isa = PBXFileReference; fileEncoding = 4; lastKnownFileType = sourcecode.swift; path = ComposeViewModel.swift; sourceTree = "<group>"; };
		82718CFB29D368E500545C32 /* ChatViewModel.swift */ = {isa = PBXFileReference; fileEncoding = 4; lastKnownFileType = sourcecode.swift; path = ChatViewModel.swift; sourceTree = "<group>"; };
		82718CFF29D368EA00545C32 /* MessagesView.swift */ = {isa = PBXFileReference; fileEncoding = 4; lastKnownFileType = sourcecode.swift; path = MessagesView.swift; sourceTree = "<group>"; };
		82718D0029D368EA00545C32 /* MainChatView.swift */ = {isa = PBXFileReference; fileEncoding = 4; lastKnownFileType = sourcecode.swift; path = MainChatView.swift; sourceTree = "<group>"; };
		82718D0129D368EA00545C32 /* ChatView.swift */ = {isa = PBXFileReference; fileEncoding = 4; lastKnownFileType = sourcecode.swift; path = ChatView.swift; sourceTree = "<group>"; };
		82718D0229D368EA00545C32 /* ComposeView.swift */ = {isa = PBXFileReference; fileEncoding = 4; lastKnownFileType = sourcecode.swift; path = ComposeView.swift; sourceTree = "<group>"; };
		82718D0329D368EA00545C32 /* MessageBubbleView.swift */ = {isa = PBXFileReference; fileEncoding = 4; lastKnownFileType = sourcecode.swift; path = MessageBubbleView.swift; sourceTree = "<group>"; };
		82914CBF29D5EB7A00858B2C /* FileUtils.swift */ = {isa = PBXFileReference; lastKnownFileType = sourcecode.swift; path = FileUtils.swift; sourceTree = "<group>"; };
		82914CC129D5ED9200858B2C /* ChatListViewModel.swift */ = {isa = PBXFileReference; lastKnownFileType = sourcecode.swift; path = ChatListViewModel.swift; sourceTree = "<group>"; };
		82914CC429D6E69C00858B2C /* BorderlessTextField.swift */ = {isa = PBXFileReference; lastKnownFileType = sourcecode.swift; path = BorderlessTextField.swift; sourceTree = "<group>"; };
		82914CC629D7646A00858B2C /* TypingBubbleContentView.swift */ = {isa = PBXFileReference; lastKnownFileType = sourcecode.swift; path = TypingBubbleContentView.swift; sourceTree = "<group>"; };
		82914CC929D76A2F00858B2C /* Sender.swift */ = {isa = PBXFileReference; lastKnownFileType = sourcecode.swift; path = Sender.swift; sourceTree = "<group>"; };
		82914CCB29D76ABE00858B2C /* StaticMessage.swift */ = {isa = PBXFileReference; lastKnownFileType = sourcecode.swift; path = StaticMessage.swift; sourceTree = "<group>"; };
		82914CCD29D76C0600858B2C /* GeneratedMessageViewModel.swift */ = {isa = PBXFileReference; lastKnownFileType = sourcecode.swift; path = GeneratedMessageViewModel.swift; sourceTree = "<group>"; };
		82914CCF29D76F6300858B2C /* GeneratedMessage.swift */ = {isa = PBXFileReference; lastKnownFileType = sourcecode.swift; path = GeneratedMessage.swift; sourceTree = "<group>"; };
		82914CD929D79DFD00858B2C /* StaticMessageViewModel.swift */ = {isa = PBXFileReference; lastKnownFileType = sourcecode.swift; path = StaticMessageViewModel.swift; sourceTree = "<group>"; };
		82914CDF29D7A06C00858B2C /* Message.swift */ = {isa = PBXFileReference; lastKnownFileType = sourcecode.swift; path = Message.swift; sourceTree = "<group>"; };
		82914CE329D7A13C00858B2C /* MessageViewModel.swift */ = {isa = PBXFileReference; lastKnownFileType = sourcecode.swift; path = MessageViewModel.swift; sourceTree = "<group>"; };
		82980F1B29E263E8000329E6 /* LlamaChat.entitlements */ = {isa = PBXFileReference; lastKnownFileType = text.plist.entitlements; path = LlamaChat.entitlements; sourceTree = "<group>"; };
		82980F1D29E37D15000329E6 /* ModelFileManager.swift */ = {isa = PBXFileReference; lastKnownFileType = sourcecode.swift; path = ModelFileManager.swift; sourceTree = "<group>"; };
		82A7B4DF29DE42B500BCBB6B /* ConfigureLocalModelSelectFormatView.swift */ = {isa = PBXFileReference; lastKnownFileType = sourcecode.swift; path = ConfigureLocalModelSelectFormatView.swift; sourceTree = "<group>"; };
		82A7B4E329DE439F00BCBB6B /* ConfigureLocalModelPathSelectorView.swift */ = {isa = PBXFileReference; lastKnownFileType = sourcecode.swift; path = ConfigureLocalModelPathSelectorView.swift; sourceTree = "<group>"; };
		82A7B4E529DE46F600BCBB6B /* ConfigureLocalPyTorchModelSettingsView.swift */ = {isa = PBXFileReference; lastKnownFileType = sourcecode.swift; path = ConfigureLocalPyTorchModelSettingsView.swift; sourceTree = "<group>"; };
		82A7B4E829DE472800BCBB6B /* ConfigureLocalGgmlModelSettingsView.swift */ = {isa = PBXFileReference; lastKnownFileType = sourcecode.swift; path = ConfigureLocalGgmlModelSettingsView.swift; sourceTree = "<group>"; };
		82A7B4EA29DE484600BCBB6B /* ConfigureLocalGgmlModelSettingsViewModel.swift */ = {isa = PBXFileReference; lastKnownFileType = sourcecode.swift; path = ConfigureLocalGgmlModelSettingsViewModel.swift; sourceTree = "<group>"; };
		82A7B4EC29DE48E900BCBB6B /* ConfigureLocalModelSettingsViewModel.swift */ = {isa = PBXFileReference; lastKnownFileType = sourcecode.swift; path = ConfigureLocalModelSettingsViewModel.swift; sourceTree = "<group>"; };
		82AE198A29D7A330008189DF /* GeneratedMessageView.swift */ = {isa = PBXFileReference; lastKnownFileType = sourcecode.swift; path = GeneratedMessageView.swift; sourceTree = "<group>"; };
		82AE198C29D7A803008189DF /* MessageGenerationState.swift */ = {isa = PBXFileReference; lastKnownFileType = sourcecode.swift; path = MessageGenerationState.swift; sourceTree = "<group>"; };
		82AE198F29D7B07E008189DF /* SettingsView.swift */ = {isa = PBXFileReference; lastKnownFileType = sourcecode.swift; path = SettingsView.swift; sourceTree = "<group>"; };
		82AE199729D83205008189DF /* SettingsViewModel.swift */ = {isa = PBXFileReference; lastKnownFileType = sourcecode.swift; path = SettingsViewModel.swift; sourceTree = "<group>"; };
		82AE199A29D834AE008189DF /* SourcesSettingsView.swift */ = {isa = PBXFileReference; lastKnownFileType = sourcecode.swift; path = SourcesSettingsView.swift; sourceTree = "<group>"; };
		82AE199C29D834D9008189DF /* SourcesSettingsViewModel.swift */ = {isa = PBXFileReference; lastKnownFileType = sourcecode.swift; path = SourcesSettingsViewModel.swift; sourceTree = "<group>"; };
		82C6869929DA627800B76BA6 /* AvatarView.swift */ = {isa = PBXFileReference; lastKnownFileType = sourcecode.swift; path = AvatarView.swift; sourceTree = "<group>"; };
		82C6869B29DA636600B76BA6 /* AvatarViewModel.swift */ = {isa = PBXFileReference; lastKnownFileType = sourcecode.swift; path = AvatarViewModel.swift; sourceTree = "<group>"; };
		82C686A429DAEC6C00B76BA6 /* ModelContextView.swift */ = {isa = PBXFileReference; lastKnownFileType = sourcecode.swift; path = ModelContextView.swift; sourceTree = "<group>"; };
		82C686A729DAF32300B76BA6 /* ModelContextContentViewModel.swift */ = {isa = PBXFileReference; lastKnownFileType = sourcecode.swift; path = ModelContextContentViewModel.swift; sourceTree = "<group>"; };
		82C686AB29DB344100B76BA6 /* ClearedContextMessage.swift */ = {isa = PBXFileReference; lastKnownFileType = sourcecode.swift; path = ClearedContextMessage.swift; sourceTree = "<group>"; };
		82C68BED29E77F3700A7A4AE /* CheckForUpdatesViewModel.swift */ = {isa = PBXFileReference; lastKnownFileType = sourcecode.swift; path = CheckForUpdatesViewModel.swift; sourceTree = "<group>"; };
		82C68BEF29E7FB8100A7A4AE /* LlamaChat.xcconfig */ = {isa = PBXFileReference; lastKnownFileType = text.xcconfig; path = LlamaChat.xcconfig; sourceTree = "<group>"; };
		82E3F1D729DF2865003F0368 /* ConfigureSourceViewModel.swift */ = {isa = PBXFileReference; fileEncoding = 4; lastKnownFileType = sourcecode.swift; path = ConfigureSourceViewModel.swift; sourceTree = "<group>"; };
		82E3F1DB29DF37DA003F0368 /* AddSourceViewModel.swift */ = {isa = PBXFileReference; lastKnownFileType = sourcecode.swift; path = AddSourceViewModel.swift; sourceTree = "<group>"; };
		82E43C9329E8AE6E003E69D1 /* ConvertSourcePrimaryActionsView.swift */ = {isa = PBXFileReference; lastKnownFileType = sourcecode.swift; path = ConvertSourcePrimaryActionsView.swift; sourceTree = "<group>"; };
		82E43C9529E8AF1E003E69D1 /* ConvertSourceStepView.swift */ = {isa = PBXFileReference; lastKnownFileType = sourcecode.swift; path = ConvertSourceStepView.swift; sourceTree = "<group>"; };
		82E43C9729E8B099003E69D1 /* ConfigureSourcePrimaryActionsView.swift */ = {isa = PBXFileReference; lastKnownFileType = sourcecode.swift; path = ConfigureSourcePrimaryActionsView.swift; sourceTree = "<group>"; };
		82E43CA329E8D399003E69D1 /* ConfigureLocalPyTorchModelSettingsViewModel copy.swift */ = {isa = PBXFileReference; lastKnownFileType = sourcecode.swift; path = "ConfigureLocalPyTorchModelSettingsViewModel copy.swift"; sourceTree = "<group>"; };
		82E43CA829E8D3FA003E69D1 /* ConfigureDownloadableModelSourceViewModel.swift */ = {isa = PBXFileReference; lastKnownFileType = sourcecode.swift; path = ConfigureDownloadableModelSourceViewModel.swift; sourceTree = "<group>"; };
		82E43CAB29E8D58F003E69D1 /* ConfigureDownloadableModelSourceView.swift */ = {isa = PBXFileReference; lastKnownFileType = sourcecode.swift; path = ConfigureDownloadableModelSourceView.swift; sourceTree = "<group>"; };
		82E43CAE29E8D675003E69D1 /* DownloadsManager.swift */ = {isa = PBXFileReference; lastKnownFileType = sourcecode.swift; path = DownloadsManager.swift; sourceTree = "<group>"; };
		82E7FFE229DE4CA800BF0251 /* ConfigureLocalModelPathSelectorViewModel.swift */ = {isa = PBXFileReference; lastKnownFileType = sourcecode.swift; path = ConfigureLocalModelPathSelectorViewModel.swift; sourceTree = "<group>"; };
		82E7FFE629DE5B1F00BF0251 /* ConfigureLocalModelSizePickerView.swift */ = {isa = PBXFileReference; lastKnownFileType = sourcecode.swift; path = ConfigureLocalModelSizePickerView.swift; sourceTree = "<group>"; };
		82E7FFE829DE5B7100BF0251 /* ConfigureLocalModelSizePickerViewModel.swift */ = {isa = PBXFileReference; lastKnownFileType = sourcecode.swift; path = ConfigureLocalModelSizePickerViewModel.swift; sourceTree = "<group>"; };
		82F14EA229E45C5D001E9C1E /* AvatarPickerView.swift */ = {isa = PBXFileReference; lastKnownFileType = sourcecode.swift; path = AvatarPickerView.swift; sourceTree = "<group>"; };
		82F14EA729E4D2DD001E9C1E /* Credits.rtf */ = {isa = PBXFileReference; lastKnownFileType = text.rtf; path = Credits.rtf; sourceTree = "<group>"; };
		82F76A0429E6B6E0007B8A2D /* Text+TextSelection.swift */ = {isa = PBXFileReference; lastKnownFileType = sourcecode.swift; path = "Text+TextSelection.swift"; sourceTree = "<group>"; };
/* End PBXFileReference section */

/* Begin PBXFrameworksBuildPhase section */
		82718CD729D3686200545C32 /* Frameworks */ = {
			isa = PBXFrameworksBuildPhase;
			buildActionMask = 2147483647;
			files = (
				82C68BEB29E77CC900A7A4AE /* Sparkle in Frameworks */,
				82E43CB229E8D6F3003E69D1 /* Alamofire in Frameworks */,
				82F14EA629E46454001E9C1E /* llama in Frameworks */,
				8227DA9329D8F841000E554D /* SQLite in Frameworks */,
			);
			runOnlyForDeploymentPostprocessing = 0;
		};
/* End PBXFrameworksBuildPhase section */

/* Begin PBXGroup section */
		821B253729DFA38700CF1001 /* extensions */ = {
			isa = PBXGroup;
			children = (
				821B253829DFA39600CF1001 /* NSApplication+Settings.swift */,
				821B255629E1F05000CF1001 /* NSScrollView+Bottom.swift */,
				82F76A0429E6B6E0007B8A2D /* Text+TextSelection.swift */,
			);
			path = extensions;
			sourceTree = "<group>";
		};
		821B253F29E0A37400CF1001 /* convert */ = {
			isa = PBXGroup;
			children = (
				821B254B29E10C6500CF1001 /* ConvertSourceStepViewModel.swift */,
				821B254729E0DD9200CF1001 /* ConvertSourceViewModel.swift */,
			);
			path = convert;
			sourceTree = "<group>";
		};
		821B254129E0A45A00CF1001 /* convert */ = {
			isa = PBXGroup;
			children = (
				821B254229E0A46B00CF1001 /* ConvertSourceView.swift */,
				82E43C9329E8AE6E003E69D1 /* ConvertSourcePrimaryActionsView.swift */,
				82E43C9529E8AF1E003E69D1 /* ConvertSourceStepView.swift */,
			);
			path = convert;
			sourceTree = "<group>";
		};
		821B255329E1D97B00CF1001 /* error */ = {
			isa = PBXGroup;
			children = (
				821B255429E1D98400CF1001 /* LlamaChatError.swift */,
			);
			path = error;
			sourceTree = "<group>";
		};
		8227DA6629D857F5000E554D /* sources */ = {
			isa = PBXGroup;
			children = (
				8227DA6D29D858B7000E554D /* AddSourceContentView.swift */,
				8227DA9D29D9812F000E554D /* AddSourceFlowPresentationStyle.swift */,
				82A7B4DC29DE424600BCBB6B /* configure */,
				821B254129E0A45A00CF1001 /* convert */,
				82A7B4DE29DE426100BCBB6B /* type */,
			);
			path = sources;
			sourceTree = "<group>";
		};
		8227DA6F29D8624A000E554D /* sources */ = {
			isa = PBXGroup;
			children = (
				8227DA6A29D8586E000E554D /* ConfirmSheetDeletionContentView.swift */,
				82AE199A29D834AE008189DF /* SourcesSettingsView.swift */,
				8227DA7029D86256000E554D /* SourcesSettingsListView.swift */,
				8227DA7229D8626F000E554D /* SourcesSettingsDetailView.swift */,
			);
			path = sources;
			sourceTree = "<group>";
		};
		8227DA7929D86638000E554D /* sources */ = {
			isa = PBXGroup;
			children = (
				82AE199C29D834D9008189DF /* SourcesSettingsViewModel.swift */,
				8227DA7729D86633000E554D /* SourcesSettingsDetailViewModel.swift */,
			);
			path = sources;
			sourceTree = "<group>";
		};
		8227DA8E29D8D8CF000E554D /* restoration */ = {
			isa = PBXGroup;
			children = (
				8227DA8F29D8D8D9000E554D /* StateRestoration.swift */,
			);
			path = restoration;
			sourceTree = "<group>";
		};
		8227DAC829DA5060000E554D /* data */ = {
			isa = PBXGroup;
			children = (
				8227DAC929DA5080000E554D /* names.json */,
			);
			path = data;
			sourceTree = "<group>";
		};
		8255EA4729D58A0C000B9F83 /* chat */ = {
			isa = PBXGroup;
			children = (
				82718D0029D368EA00545C32 /* MainChatView.swift */,
				8227DA9F29D98577000E554D /* ChatListView.swift */,
				8227DA9829D919FD000E554D /* ChatInfoView.swift */,
				82718D0129D368EA00545C32 /* ChatView.swift */,
				82C6869E29DA637400B76BA6 /* avatar */,
				82914CDC29D79F9A00858B2C /* composer */,
				82914CDB29D79F9200858B2C /* messages */,
			);
			path = chat;
			sourceTree = "<group>";
		};
		8255EA4D29D58B1C000B9F83 /* sources */ = {
			isa = PBXGroup;
			children = (
				8255EA4F29D58B2B000B9F83 /* ChatSources.swift */,
				8255EA5529D58C58000B9F83 /* ChatSourceType.swift */,
				8227DAC329DA4915000E554D /* ModelSize.swift */,
				8227DACB29DA53EA000E554D /* SourceNameGenerator.swift */,
			);
			path = sources;
			sourceTree = "<group>";
		};
		8255EA4E29D58B21000B9F83 /* chat */ = {
			isa = PBXGroup;
			children = (
				8227DA9429D8F959000E554D /* MessagesModel.swift */,
				82914CC929D76A2F00858B2C /* Sender.swift */,
				82718CEC29D3689B00545C32 /* ChatModels.swift */,
				82914CC829D76A1C00858B2C /* messages */,
			);
			path = chat;
			sourceTree = "<group>";
		};
		8255EA5129D58B6E000B9F83 /* chat */ = {
			isa = PBXGroup;
			children = (
				8227DA9A29D91A1C000E554D /* ChatInfoViewModel.swift */,
				82914CC129D5ED9200858B2C /* ChatListViewModel.swift */,
				82718CFB29D368E500545C32 /* ChatViewModel.swift */,
				8227DA8C29D8D7E9000E554D /* ChatWindowContentViewModel.swift */,
				82C6869D29DA636A00B76BA6 /* avatar */,
				82914CDE29D7A01900858B2C /* composer */,
				82914CDD29D7A00A00858B2C /* messages */,
			);
			path = chat;
			sourceTree = "<group>";
		};
		8255EA5F29D5998B000B9F83 /* sources */ = {
			isa = PBXGroup;
			children = (
				82E3F1DB29DF37DA003F0368 /* AddSourceViewModel.swift */,
				8255EA5929D58CF1000B9F83 /* SelectSourceTypeViewModel.swift */,
				82E3F1D729DF2865003F0368 /* ConfigureSourceViewModel.swift */,
				82E7FFE429DE4CB900BF0251 /* configure */,
				821B253F29E0A37400CF1001 /* convert */,
			);
			path = sources;
			sourceTree = "<group>";
		};
		82718CD129D3686200545C32 = {
			isa = PBXGroup;
			children = (
				82718CDC29D3686200545C32 /* LlamaChat */,
				82718CDB29D3686200545C32 /* Products */,
			);
			sourceTree = "<group>";
		};
		82718CDB29D3686200545C32 /* Products */ = {
			isa = PBXGroup;
			children = (
				82718CDA29D3686200545C32 /* LlamaChat.app */,
			);
			name = Products;
			sourceTree = "<group>";
		};
		82718CDC29D3686200545C32 /* LlamaChat */ = {
			isa = PBXGroup;
			children = (
				8227DA9C29D91F33000E554D /* Info.plist */,
				82F14EA729E4D2DD001E9C1E /* Credits.rtf */,
				8227DA9629D911A4000E554D /* LlamaChatApp.swift */,
				8227DAC829DA5060000E554D /* data */,
				82E43CAD29E8D669003E69D1 /* downloads */,
				821B255329E1D97B00CF1001 /* error */,
				821B253729DFA38700CF1001 /* extensions */,
				82718CF029D368A000545C32 /* model */,
				82718CF129D368C200545C32 /* ui */,
				82914CBE29D5EB7100858B2C /* util */,
				82718CF229D368C800545C32 /* viewmodel */,
				82718CE129D3686300545C32 /* Assets.xcassets */,
				82980F1B29E263E8000329E6 /* LlamaChat.entitlements */,
				82C68BEF29E7FB8100A7A4AE /* LlamaChat.xcconfig */,
				82718CE329D3686300545C32 /* Preview Content */,
			);
			path = LlamaChat;
			sourceTree = "<group>";
		};
		82718CE329D3686300545C32 /* Preview Content */ = {
			isa = PBXGroup;
			children = (
				82718CE429D3686300545C32 /* Preview Assets.xcassets */,
			);
			path = "Preview Content";
			sourceTree = "<group>";
		};
		82718CF029D368A000545C32 /* model */ = {
			isa = PBXGroup;
			children = (
				8255EA4E29D58B21000B9F83 /* chat */,
				82980F1C29E37D09000329E6 /* models */,
				8255EA4D29D58B1C000B9F83 /* sources */,
			);
			path = model;
			sourceTree = "<group>";
		};
		82718CF129D368C200545C32 /* ui */ = {
			isa = PBXGroup;
			children = (
				82914CC329D6E68900858B2C /* components */,
				8255EA4729D58A0C000B9F83 /* chat */,
				82C686A329DAEC6200B76BA6 /* debug */,
				8227DA8E29D8D8CF000E554D /* restoration */,
				8227DA6629D857F5000E554D /* sources */,
				82AE198E29D7B072008189DF /* settings */,
			);
			path = ui;
			sourceTree = "<group>";
		};
		82718CF229D368C800545C32 /* viewmodel */ = {
			isa = PBXGroup;
			children = (
				8255EA5129D58B6E000B9F83 /* chat */,
				82C686A629DAF31800B76BA6 /* debug */,
				82AE199629D831F7008189DF /* settings */,
				8255EA5F29D5998B000B9F83 /* sources */,
				82C68BEC29E77EFD00A7A4AE /* updates */,
			);
			path = viewmodel;
			sourceTree = "<group>";
		};
		82914CBE29D5EB7100858B2C /* util */ = {
			isa = PBXGroup;
			children = (
				82914CBF29D5EB7A00858B2C /* FileUtils.swift */,
			);
			path = util;
			sourceTree = "<group>";
		};
		82914CC329D6E68900858B2C /* components */ = {
			isa = PBXGroup;
			children = (
				82F14EA229E45C5D001E9C1E /* AvatarPickerView.swift */,
				82914CC429D6E69C00858B2C /* BorderlessTextField.swift */,
				820C795F29DEEA8F00F70723 /* DebouncedView.swift */,
				8227DA7C29D870D3000E554D /* DidEndEditingTextField.swift */,
				821B254929E0E86B00CF1001 /* NonEditableTextView.swift */,
			);
			path = components;
			sourceTree = "<group>";
		};
		82914CC829D76A1C00858B2C /* messages */ = {
			isa = PBXGroup;
			children = (
				82914CDF29D7A06C00858B2C /* Message.swift */,
				82914CCB29D76ABE00858B2C /* StaticMessage.swift */,
				82914CCF29D76F6300858B2C /* GeneratedMessage.swift */,
				82C686AB29DB344100B76BA6 /* ClearedContextMessage.swift */,
				82AE198C29D7A803008189DF /* MessageGenerationState.swift */,
			);
			path = messages;
			sourceTree = "<group>";
		};
		82914CDB29D79F9200858B2C /* messages */ = {
			isa = PBXGroup;
			children = (
				826F4C6E29DD05110099A729 /* ClearedContextMessageView.swift */,
				82AE198A29D7A330008189DF /* GeneratedMessageView.swift */,
				82718CFF29D368EA00545C32 /* MessagesView.swift */,
				82718D0329D368EA00545C32 /* MessageBubbleView.swift */,
				82914CC629D7646A00858B2C /* TypingBubbleContentView.swift */,
			);
			path = messages;
			sourceTree = "<group>";
		};
		82914CDC29D79F9A00858B2C /* composer */ = {
			isa = PBXGroup;
			children = (
				82718D0229D368EA00545C32 /* ComposeView.swift */,
			);
			path = composer;
			sourceTree = "<group>";
		};
		82914CDD29D7A00A00858B2C /* messages */ = {
			isa = PBXGroup;
			children = (
				82914CE329D7A13C00858B2C /* MessageViewModel.swift */,
				82718CF929D368E500545C32 /* MessagesViewModel.swift */,
				82914CCD29D76C0600858B2C /* GeneratedMessageViewModel.swift */,
				82914CD929D79DFD00858B2C /* StaticMessageViewModel.swift */,
				826F4C6C29DCFFFD0099A729 /* ClearedContextMessageViewModel.swift */,
			);
			path = messages;
			sourceTree = "<group>";
		};
		82914CDE29D7A01900858B2C /* composer */ = {
			isa = PBXGroup;
			children = (
				82718CFA29D368E500545C32 /* ComposeViewModel.swift */,
			);
			path = composer;
			sourceTree = "<group>";
		};
		82980F1C29E37D09000329E6 /* models */ = {
			isa = PBXGroup;
			children = (
				82980F1D29E37D15000329E6 /* ModelFileManager.swift */,
			);
			path = models;
			sourceTree = "<group>";
		};
		82A7B4DC29DE424600BCBB6B /* configure */ = {
			isa = PBXGroup;
			children = (
				82E43C9729E8B099003E69D1 /* ConfigureSourcePrimaryActionsView.swift */,
				82A7B4E729DE470000BCBB6B /* components */,
				82E43CAA29E8D581003E69D1 /* download */,
				82E43CA629E8D3BE003E69D1 /* local */,
			);
			path = configure;
			sourceTree = "<group>";
		};
		82A7B4DE29DE426100BCBB6B /* type */ = {
			isa = PBXGroup;
			children = (
				8255EA5729D58CE2000B9F83 /* SourceTypeSelectionView.swift */,
				8255EA5B29D59690000B9F83 /* SelectSourceTypeView.swift */,
			);
			path = type;
			sourceTree = "<group>";
		};
		82A7B4E729DE470000BCBB6B /* components */ = {
			isa = PBXGroup;
			children = (
				82A7B4E329DE439F00BCBB6B /* ConfigureLocalModelPathSelectorView.swift */,
				82A7B4DF29DE42B500BCBB6B /* ConfigureLocalModelSelectFormatView.swift */,
				82E7FFE629DE5B1F00BF0251 /* ConfigureLocalModelSizePickerView.swift */,
			);
			path = components;
			sourceTree = "<group>";
		};
		82AE198E29D7B072008189DF /* settings */ = {
			isa = PBXGroup;
			children = (
				82AE198F29D7B07E008189DF /* SettingsView.swift */,
				82AE199929D8349A008189DF /* tabs */,
			);
			path = settings;
			sourceTree = "<group>";
		};
		82AE199629D831F7008189DF /* settings */ = {
			isa = PBXGroup;
			children = (
				82AE199729D83205008189DF /* SettingsViewModel.swift */,
				8227DA7929D86638000E554D /* sources */,
			);
			path = settings;
			sourceTree = "<group>";
		};
		82AE199929D8349A008189DF /* tabs */ = {
			isa = PBXGroup;
			children = (
				8227DA6F29D8624A000E554D /* sources */,
			);
			path = tabs;
			sourceTree = "<group>";
		};
		82C6869D29DA636A00B76BA6 /* avatar */ = {
			isa = PBXGroup;
			children = (
				82C6869B29DA636600B76BA6 /* AvatarViewModel.swift */,
			);
			path = avatar;
			sourceTree = "<group>";
		};
		82C6869E29DA637400B76BA6 /* avatar */ = {
			isa = PBXGroup;
			children = (
				82C6869929DA627800B76BA6 /* AvatarView.swift */,
			);
			path = avatar;
			sourceTree = "<group>";
		};
		82C686A329DAEC6200B76BA6 /* debug */ = {
			isa = PBXGroup;
			children = (
				826F4C6A29DCFBB90099A729 /* DebugBuildBannerView.swift */,
				82C686A429DAEC6C00B76BA6 /* ModelContextView.swift */,
			);
			path = debug;
			sourceTree = "<group>";
		};
		82C686A629DAF31800B76BA6 /* debug */ = {
			isa = PBXGroup;
			children = (
				82C686A729DAF32300B76BA6 /* ModelContextContentViewModel.swift */,
			);
			path = debug;
			sourceTree = "<group>";
		};
		82C68BEC29E77EFD00A7A4AE /* updates */ = {
			isa = PBXGroup;
			children = (
				82C68BED29E77F3700A7A4AE /* CheckForUpdatesViewModel.swift */,
			);
			path = updates;
			sourceTree = "<group>";
		};
		82E43CA529E8D3AB003E69D1 /* local */ = {
			isa = PBXGroup;
			children = (
				8227DA7E29D881D4000E554D /* ConfigureLocalModelSourceViewModel.swift */,
				82E7FFE129DE4C4C00BF0251 /* settings */,
			);
			path = local;
			sourceTree = "<group>";
		};
		82E43CA629E8D3BE003E69D1 /* local */ = {
			isa = PBXGroup;
			children = (
				8227DA8029D88228000E554D /* ConfigureLocalModelSourceView.swift */,
				82A7B4E529DE46F600BCBB6B /* ConfigureLocalPyTorchModelSettingsView.swift */,
				82A7B4E829DE472800BCBB6B /* ConfigureLocalGgmlModelSettingsView.swift */,
			);
			path = local;
			sourceTree = "<group>";
		};
		82E43CA729E8D3DC003E69D1 /* download */ = {
			isa = PBXGroup;
			children = (
				82E43CA829E8D3FA003E69D1 /* ConfigureDownloadableModelSourceViewModel.swift */,
			);
			path = download;
			sourceTree = "<group>";
		};
		82E43CAA29E8D581003E69D1 /* download */ = {
			isa = PBXGroup;
			children = (
				82E43CAB29E8D58F003E69D1 /* ConfigureDownloadableModelSourceView.swift */,
			);
			path = download;
			sourceTree = "<group>";
		};
		82E43CAD29E8D669003E69D1 /* downloads */ = {
			isa = PBXGroup;
			children = (
				82E43CAE29E8D675003E69D1 /* DownloadsManager.swift */,
			);
			path = downloads;
			sourceTree = "<group>";
		};
		82E7FFE129DE4C4C00BF0251 /* settings */ = {
			isa = PBXGroup;
			children = (
				82A7B4EC29DE48E900BCBB6B /* ConfigureLocalModelSettingsViewModel.swift */,
				82E43CA329E8D399003E69D1 /* ConfigureLocalPyTorchModelSettingsViewModel copy.swift */,
				82A7B4EA29DE484600BCBB6B /* ConfigureLocalGgmlModelSettingsViewModel.swift */,
			);
			path = settings;
			sourceTree = "<group>";
		};
		82E7FFE429DE4CB900BF0251 /* configure */ = {
			isa = PBXGroup;
			children = (
				82E7FFE529DE4CC500BF0251 /* components */,
				82E43CA729E8D3DC003E69D1 /* download */,
				82E43CA529E8D3AB003E69D1 /* local */,
			);
			path = configure;
			sourceTree = "<group>";
		};
		82E7FFE529DE4CC500BF0251 /* components */ = {
			isa = PBXGroup;
			children = (
				82E7FFE229DE4CA800BF0251 /* ConfigureLocalModelPathSelectorViewModel.swift */,
				82E7FFE829DE5B7100BF0251 /* ConfigureLocalModelSizePickerViewModel.swift */,
			);
			path = components;
			sourceTree = "<group>";
		};
/* End PBXGroup section */

/* Begin PBXNativeTarget section */
		82718CD929D3686200545C32 /* LlamaChat */ = {
			isa = PBXNativeTarget;
			buildConfigurationList = 82718CE929D3686300545C32 /* Build configuration list for PBXNativeTarget "LlamaChat" */;
			buildPhases = (
				82718CD629D3686200545C32 /* Sources */,
				82718CD729D3686200545C32 /* Frameworks */,
				82718CD829D3686200545C32 /* Resources */,
			);
			buildRules = (
			);
			dependencies = (
			);
			name = LlamaChat;
			packageProductDependencies = (
				8227DA9229D8F841000E554D /* SQLite */,
				82F14EA529E46454001E9C1E /* llama */,
				82C68BEA29E77CC900A7A4AE /* Sparkle */,
				82E43CB129E8D6F3003E69D1 /* Alamofire */,
			);
			productName = Camel;
			productReference = 82718CDA29D3686200545C32 /* LlamaChat.app */;
			productType = "com.apple.product-type.application";
		};
/* End PBXNativeTarget section */

/* Begin PBXProject section */
		82718CD229D3686200545C32 /* Project object */ = {
			isa = PBXProject;
			attributes = {
				BuildIndependentTargetsInParallel = 1;
				LastSwiftUpdateCheck = 1410;
				LastUpgradeCheck = 1410;
				TargetAttributes = {
					82718CD929D3686200545C32 = {
						CreatedOnToolsVersion = 14.1;
					};
				};
			};
			buildConfigurationList = 82718CD529D3686200545C32 /* Build configuration list for PBXProject "LlamaChat" */;
			compatibilityVersion = "Xcode 14.0";
			developmentRegion = en;
			hasScannedForEncodings = 0;
			knownRegions = (
				en,
				Base,
			);
			mainGroup = 82718CD129D3686200545C32;
			packageReferences = (
				8227DA9129D8F841000E554D /* XCRemoteSwiftPackageReference "SQLite.swift" */,
				82F14EA429E46454001E9C1E /* XCRemoteSwiftPackageReference "llama" */,
				82C68BE929E77CC900A7A4AE /* XCRemoteSwiftPackageReference "Sparkle" */,
				82E43CB029E8D6F3003E69D1 /* XCRemoteSwiftPackageReference "Alamofire" */,
			);
			productRefGroup = 82718CDB29D3686200545C32 /* Products */;
			projectDirPath = "";
			projectRoot = "";
			targets = (
				82718CD929D3686200545C32 /* LlamaChat */,
			);
		};
/* End PBXProject section */

/* Begin PBXResourcesBuildPhase section */
		82718CD829D3686200545C32 /* Resources */ = {
			isa = PBXResourcesBuildPhase;
			buildActionMask = 2147483647;
			files = (
				82718CE529D3686300545C32 /* Preview Assets.xcassets in Resources */,
				8227DACA29DA5080000E554D /* names.json in Resources */,
				82718CE229D3686300545C32 /* Assets.xcassets in Resources */,
				82F14EA829E4D2DD001E9C1E /* Credits.rtf in Resources */,
			);
			runOnlyForDeploymentPostprocessing = 0;
		};
/* End PBXResourcesBuildPhase section */

/* Begin PBXSourcesBuildPhase section */
		82718CD629D3686200545C32 /* Sources */ = {
			isa = PBXSourcesBuildPhase;
			buildActionMask = 2147483647;
			files = (
				82718D0829D368EA00545C32 /* MessageBubbleView.swift in Sources */,
				82718D0429D368EA00545C32 /* MessagesView.swift in Sources */,
				82914CC529D6E69C00858B2C /* BorderlessTextField.swift in Sources */,
				82A7B4EB29DE484600BCBB6B /* ConfigureLocalGgmlModelSettingsViewModel.swift in Sources */,
				82F76A0529E6B6E0007B8A2D /* Text+TextSelection.swift in Sources */,
				82E7FFE729DE5B1F00BF0251 /* ConfigureLocalModelSizePickerView.swift in Sources */,
				82E3F1DC29DF37DA003F0368 /* AddSourceViewModel.swift in Sources */,
				82914CCA29D76A2F00858B2C /* Sender.swift in Sources */,
				82E43CA929E8D3FA003E69D1 /* ConfigureDownloadableModelSourceViewModel.swift in Sources */,
				82718D0629D368EA00545C32 /* ChatView.swift in Sources */,
				82718D0729D368EA00545C32 /* ComposeView.swift in Sources */,
				82718CFE29D368E500545C32 /* ChatViewModel.swift in Sources */,
				82E43C9429E8AE6E003E69D1 /* ConvertSourcePrimaryActionsView.swift in Sources */,
				82AE199829D83206008189DF /* SettingsViewModel.swift in Sources */,
				82F14EA329E45C5D001E9C1E /* AvatarPickerView.swift in Sources */,
				8227DA9729D911A4000E554D /* LlamaChatApp.swift in Sources */,
				82980F1E29E37D15000329E6 /* ModelFileManager.swift in Sources */,
				826F4C6D29DCFFFD0099A729 /* ClearedContextMessageViewModel.swift in Sources */,
				82C686A529DAEC6C00B76BA6 /* ModelContextView.swift in Sources */,
				82E7FFE329DE4CA800BF0251 /* ConfigureLocalModelPathSelectorViewModel.swift in Sources */,
				82E43CAC29E8D58F003E69D1 /* ConfigureDownloadableModelSourceView.swift in Sources */,
				8227DA9529D8F959000E554D /* MessagesModel.swift in Sources */,
				82AE199D29D834D9008189DF /* SourcesSettingsViewModel.swift in Sources */,
				8255EA5A29D58CF1000B9F83 /* SelectSourceTypeViewModel.swift in Sources */,
				82914CE429D7A13C00858B2C /* MessageViewModel.swift in Sources */,
				82914CC029D5EB7A00858B2C /* FileUtils.swift in Sources */,
				82718CFC29D368E500545C32 /* MessagesViewModel.swift in Sources */,
				8227DA7F29D881D4000E554D /* ConfigureLocalModelSourceViewModel.swift in Sources */,
				82A7B4E929DE472800BCBB6B /* ConfigureLocalGgmlModelSettingsView.swift in Sources */,
				82A7B4E629DE46F600BCBB6B /* ConfigureLocalPyTorchModelSettingsView.swift in Sources */,
				82C686A829DAF32300B76BA6 /* ModelContextContentViewModel.swift in Sources */,
				82AE199029D7B07E008189DF /* SettingsView.swift in Sources */,
				82A7B4E429DE439F00BCBB6B /* ConfigureLocalModelPathSelectorView.swift in Sources */,
				821B255529E1D98400CF1001 /* LlamaChatError.swift in Sources */,
				8227DA6E29D858B7000E554D /* AddSourceContentView.swift in Sources */,
				82914CC229D5ED9200858B2C /* ChatListViewModel.swift in Sources */,
				82E3F1D829DF2865003F0368 /* ConfigureSourceViewModel.swift in Sources */,
				821B254C29E10C6500CF1001 /* ConvertSourceStepViewModel.swift in Sources */,
				8255EA5029D58B2B000B9F83 /* ChatSources.swift in Sources */,
				8255EA5829D58CE2000B9F83 /* SourceTypeSelectionView.swift in Sources */,
				8227DAA029D98577000E554D /* ChatListView.swift in Sources */,
				8227DA9029D8D8D9000E554D /* StateRestoration.swift in Sources */,
				826F4C6B29DCFBB90099A729 /* DebugBuildBannerView.swift in Sources */,
				82E43CAF29E8D675003E69D1 /* DownloadsManager.swift in Sources */,
				821B253929DFA39600CF1001 /* NSApplication+Settings.swift in Sources */,
				8227DA7D29D870D3000E554D /* DidEndEditingTextField.swift in Sources */,
				821B254329E0A46B00CF1001 /* ConvertSourceView.swift in Sources */,
				82914CC729D7646A00858B2C /* TypingBubbleContentView.swift in Sources */,
				82914CCE29D76C0600858B2C /* GeneratedMessageViewModel.swift in Sources */,
				826F4C6F29DD05110099A729 /* ClearedContextMessageView.swift in Sources */,
				82718D0529D368EA00545C32 /* MainChatView.swift in Sources */,
				8227DA9B29D91A1C000E554D /* ChatInfoViewModel.swift in Sources */,
				8227DA7329D8626F000E554D /* SourcesSettingsDetailView.swift in Sources */,
				82914CDA29D79DFD00858B2C /* StaticMessageViewModel.swift in Sources */,
				8227DA6B29D8586E000E554D /* ConfirmSheetDeletionContentView.swift in Sources */,
				82E43C9629E8AF1E003E69D1 /* ConvertSourceStepView.swift in Sources */,
				821B255729E1F05000CF1001 /* NSScrollView+Bottom.swift in Sources */,
				8227DA8D29D8D7E9000E554D /* ChatWindowContentViewModel.swift in Sources */,
				8227DA7829D86633000E554D /* SourcesSettingsDetailViewModel.swift in Sources */,
				82C686AC29DB344100B76BA6 /* ClearedContextMessage.swift in Sources */,
				82A7B4E029DE42B500BCBB6B /* ConfigureLocalModelSelectFormatView.swift in Sources */,
				8227DA9929D919FD000E554D /* ChatInfoView.swift in Sources */,
				82C6869C29DA636600B76BA6 /* AvatarViewModel.swift in Sources */,
				82E7FFE929DE5B7100BF0251 /* ConfigureLocalModelSizePickerViewModel.swift in Sources */,
				82AE199B29D834AE008189DF /* SourcesSettingsView.swift in Sources */,
				82914CCC29D76ABE00858B2C /* StaticMessage.swift in Sources */,
				82914CE029D7A06C00858B2C /* Message.swift in Sources */,
				82AE198B29D7A330008189DF /* GeneratedMessageView.swift in Sources */,
				82E43CA429E8D399003E69D1 /* ConfigureLocalPyTorchModelSettingsViewModel copy.swift in Sources */,
				82E43C9829E8B099003E69D1 /* ConfigureSourcePrimaryActionsView.swift in Sources */,
				8227DA8129D88228000E554D /* ConfigureLocalModelSourceView.swift in Sources */,
				8227DA9E29D9812F000E554D /* AddSourceFlowPresentationStyle.swift in Sources */,
				8255EA5C29D59690000B9F83 /* SelectSourceTypeView.swift in Sources */,
				82914CD029D76F6300858B2C /* GeneratedMessage.swift in Sources */,
				8255EA5629D58C58000B9F83 /* ChatSourceType.swift in Sources */,
				82A7B4ED29DE48E900BCBB6B /* ConfigureLocalModelSettingsViewModel.swift in Sources */,
				82718CFD29D368E500545C32 /* ComposeViewModel.swift in Sources */,
				8227DA7129D86256000E554D /* SourcesSettingsListView.swift in Sources */,
				821B254A29E0E86B00CF1001 /* NonEditableTextView.swift in Sources */,
				8227DACC29DA53EA000E554D /* SourceNameGenerator.swift in Sources */,
				820C796029DEEA8F00F70723 /* DebouncedView.swift in Sources */,
				82718CEE29D3689B00545C32 /* ChatModels.swift in Sources */,
				82C68BEE29E77F3700A7A4AE /* CheckForUpdatesViewModel.swift in Sources */,
				8227DAC429DA4915000E554D /* ModelSize.swift in Sources */,
				821B254829E0DD9200CF1001 /* ConvertSourceViewModel.swift in Sources */,
				82AE198D29D7A803008189DF /* MessageGenerationState.swift in Sources */,
				82C6869A29DA627800B76BA6 /* AvatarView.swift in Sources */,
			);
			runOnlyForDeploymentPostprocessing = 0;
		};
/* End PBXSourcesBuildPhase section */

/* Begin XCBuildConfiguration section */
		82718CE729D3686300545C32 /* Debug */ = {
			isa = XCBuildConfiguration;
			buildSettings = {
				ALWAYS_SEARCH_USER_PATHS = NO;
				CLANG_ANALYZER_NONNULL = YES;
				CLANG_ANALYZER_NUMBER_OBJECT_CONVERSION = YES_AGGRESSIVE;
				CLANG_CXX_LANGUAGE_STANDARD = "gnu++20";
				CLANG_ENABLE_MODULES = YES;
				CLANG_ENABLE_OBJC_ARC = YES;
				CLANG_ENABLE_OBJC_WEAK = YES;
				CLANG_WARN_BLOCK_CAPTURE_AUTORELEASING = YES;
				CLANG_WARN_BOOL_CONVERSION = YES;
				CLANG_WARN_COMMA = YES;
				CLANG_WARN_CONSTANT_CONVERSION = YES;
				CLANG_WARN_DEPRECATED_OBJC_IMPLEMENTATIONS = YES;
				CLANG_WARN_DIRECT_OBJC_ISA_USAGE = YES_ERROR;
				CLANG_WARN_DOCUMENTATION_COMMENTS = YES;
				CLANG_WARN_EMPTY_BODY = YES;
				CLANG_WARN_ENUM_CONVERSION = YES;
				CLANG_WARN_INFINITE_RECURSION = YES;
				CLANG_WARN_INT_CONVERSION = YES;
				CLANG_WARN_NON_LITERAL_NULL_CONVERSION = YES;
				CLANG_WARN_OBJC_IMPLICIT_RETAIN_SELF = YES;
				CLANG_WARN_OBJC_LITERAL_CONVERSION = YES;
				CLANG_WARN_OBJC_ROOT_CLASS = YES_ERROR;
				CLANG_WARN_QUOTED_INCLUDE_IN_FRAMEWORK_HEADER = YES;
				CLANG_WARN_RANGE_LOOP_ANALYSIS = YES;
				CLANG_WARN_STRICT_PROTOTYPES = YES;
				CLANG_WARN_SUSPICIOUS_MOVE = YES;
				CLANG_WARN_UNGUARDED_AVAILABILITY = YES_AGGRESSIVE;
				CLANG_WARN_UNREACHABLE_CODE = YES;
				CLANG_WARN__DUPLICATE_METHOD_MATCH = YES;
				COPY_PHASE_STRIP = NO;
				DEBUG_INFORMATION_FORMAT = dwarf;
				ENABLE_STRICT_OBJC_MSGSEND = YES;
				ENABLE_TESTABILITY = YES;
				GCC_C_LANGUAGE_STANDARD = gnu11;
				GCC_DYNAMIC_NO_PIC = NO;
				GCC_NO_COMMON_BLOCKS = YES;
				GCC_OPTIMIZATION_LEVEL = 0;
				GCC_PREPROCESSOR_DEFINITIONS = (
					"DEBUG=1",
					"$(inherited)",
				);
				GCC_WARN_64_TO_32_BIT_CONVERSION = YES;
				GCC_WARN_ABOUT_RETURN_TYPE = YES_ERROR;
				GCC_WARN_UNDECLARED_SELECTOR = YES;
				GCC_WARN_UNINITIALIZED_AUTOS = YES_AGGRESSIVE;
				GCC_WARN_UNUSED_FUNCTION = YES;
				GCC_WARN_UNUSED_VARIABLE = YES;
				MACOSX_DEPLOYMENT_TARGET = 13.0;
				MTL_ENABLE_DEBUG_INFO = INCLUDE_SOURCE;
				MTL_FAST_MATH = YES;
				ONLY_ACTIVE_ARCH = YES;
				SDKROOT = macosx;
				SWIFT_ACTIVE_COMPILATION_CONDITIONS = DEBUG;
				SWIFT_OPTIMIZATION_LEVEL = "-Onone";
			};
			name = Debug;
		};
		82718CE829D3686300545C32 /* Release */ = {
			isa = XCBuildConfiguration;
			buildSettings = {
				ALWAYS_SEARCH_USER_PATHS = NO;
				CLANG_ANALYZER_NONNULL = YES;
				CLANG_ANALYZER_NUMBER_OBJECT_CONVERSION = YES_AGGRESSIVE;
				CLANG_CXX_LANGUAGE_STANDARD = "gnu++20";
				CLANG_ENABLE_MODULES = YES;
				CLANG_ENABLE_OBJC_ARC = YES;
				CLANG_ENABLE_OBJC_WEAK = YES;
				CLANG_WARN_BLOCK_CAPTURE_AUTORELEASING = YES;
				CLANG_WARN_BOOL_CONVERSION = YES;
				CLANG_WARN_COMMA = YES;
				CLANG_WARN_CONSTANT_CONVERSION = YES;
				CLANG_WARN_DEPRECATED_OBJC_IMPLEMENTATIONS = YES;
				CLANG_WARN_DIRECT_OBJC_ISA_USAGE = YES_ERROR;
				CLANG_WARN_DOCUMENTATION_COMMENTS = YES;
				CLANG_WARN_EMPTY_BODY = YES;
				CLANG_WARN_ENUM_CONVERSION = YES;
				CLANG_WARN_INFINITE_RECURSION = YES;
				CLANG_WARN_INT_CONVERSION = YES;
				CLANG_WARN_NON_LITERAL_NULL_CONVERSION = YES;
				CLANG_WARN_OBJC_IMPLICIT_RETAIN_SELF = YES;
				CLANG_WARN_OBJC_LITERAL_CONVERSION = YES;
				CLANG_WARN_OBJC_ROOT_CLASS = YES_ERROR;
				CLANG_WARN_QUOTED_INCLUDE_IN_FRAMEWORK_HEADER = YES;
				CLANG_WARN_RANGE_LOOP_ANALYSIS = YES;
				CLANG_WARN_STRICT_PROTOTYPES = YES;
				CLANG_WARN_SUSPICIOUS_MOVE = YES;
				CLANG_WARN_UNGUARDED_AVAILABILITY = YES_AGGRESSIVE;
				CLANG_WARN_UNREACHABLE_CODE = YES;
				CLANG_WARN__DUPLICATE_METHOD_MATCH = YES;
				COPY_PHASE_STRIP = NO;
				DEBUG_INFORMATION_FORMAT = "dwarf-with-dsym";
				ENABLE_NS_ASSERTIONS = NO;
				ENABLE_STRICT_OBJC_MSGSEND = YES;
				GCC_C_LANGUAGE_STANDARD = gnu11;
				GCC_NO_COMMON_BLOCKS = YES;
				GCC_WARN_64_TO_32_BIT_CONVERSION = YES;
				GCC_WARN_ABOUT_RETURN_TYPE = YES_ERROR;
				GCC_WARN_UNDECLARED_SELECTOR = YES;
				GCC_WARN_UNINITIALIZED_AUTOS = YES_AGGRESSIVE;
				GCC_WARN_UNUSED_FUNCTION = YES;
				GCC_WARN_UNUSED_VARIABLE = YES;
				MACOSX_DEPLOYMENT_TARGET = 13.0;
				MTL_ENABLE_DEBUG_INFO = NO;
				MTL_FAST_MATH = YES;
				SDKROOT = macosx;
				SWIFT_COMPILATION_MODE = wholemodule;
				SWIFT_OPTIMIZATION_LEVEL = "-O";
			};
			name = Release;
		};
		82718CEA29D3686300545C32 /* Debug */ = {
			isa = XCBuildConfiguration;
			baseConfigurationReference = 82C68BEF29E7FB8100A7A4AE /* LlamaChat.xcconfig */;
			buildSettings = {
				ASSETCATALOG_COMPILER_APPICON_NAME = AppIcon;
				ASSETCATALOG_COMPILER_GLOBAL_ACCENT_COLOR_NAME = AccentColor;
				CODE_SIGN_ENTITLEMENTS = LlamaChat/LlamaChat.entitlements;
				CODE_SIGN_STYLE = Manual;
				COMBINE_HIDPI_IMAGES = YES;
				DEVELOPMENT_ASSET_PATHS = "\"LlamaChat/Preview Content\"";
				DEVELOPMENT_TEAM = "";
				ENABLE_HARDENED_RUNTIME = YES;
				ENABLE_PREVIEWS = YES;
				GENERATE_INFOPLIST_FILE = YES;
				INFOPLIST_FILE = LlamaChat/Info.plist;
				INFOPLIST_KEY_NSHumanReadableCopyright = "";
				LD_RUNPATH_SEARCH_PATHS = (
					"$(inherited)",
					"@executable_path/../Frameworks",
				);
				PRODUCT_BUNDLE_IDENTIFIER = com.alexrozanski.LlamaChat;
				PRODUCT_NAME = "$(TARGET_NAME)";
				PROVISIONING_PROFILE_SPECIFIER = "";
				SWIFT_EMIT_LOC_STRINGS = YES;
				SWIFT_VERSION = 5.0;
			};
			name = Debug;
		};
		82718CEB29D3686300545C32 /* Release */ = {
			isa = XCBuildConfiguration;
			baseConfigurationReference = 82C68BEF29E7FB8100A7A4AE /* LlamaChat.xcconfig */;
			buildSettings = {
				ASSETCATALOG_COMPILER_APPICON_NAME = AppIcon;
				ASSETCATALOG_COMPILER_GLOBAL_ACCENT_COLOR_NAME = AccentColor;
				CODE_SIGN_ENTITLEMENTS = LlamaChat/LlamaChat.entitlements;
				CODE_SIGN_STYLE = Manual;
				COMBINE_HIDPI_IMAGES = YES;
				DEVELOPMENT_ASSET_PATHS = "\"LlamaChat/Preview Content\"";
				DEVELOPMENT_TEAM = "";
				ENABLE_HARDENED_RUNTIME = YES;
				ENABLE_PREVIEWS = YES;
				GENERATE_INFOPLIST_FILE = YES;
				INFOPLIST_FILE = LlamaChat/Info.plist;
				INFOPLIST_KEY_NSHumanReadableCopyright = "";
				LD_RUNPATH_SEARCH_PATHS = (
					"$(inherited)",
					"@executable_path/../Frameworks",
				);
				PRODUCT_BUNDLE_IDENTIFIER = com.alexrozanski.LlamaChat;
				PRODUCT_NAME = "$(TARGET_NAME)";
				PROVISIONING_PROFILE_SPECIFIER = "";
				SWIFT_EMIT_LOC_STRINGS = YES;
				SWIFT_VERSION = 5.0;
			};
			name = Release;
		};
/* End XCBuildConfiguration section */

/* Begin XCConfigurationList section */
		82718CD529D3686200545C32 /* Build configuration list for PBXProject "LlamaChat" */ = {
			isa = XCConfigurationList;
			buildConfigurations = (
				82718CE729D3686300545C32 /* Debug */,
				82718CE829D3686300545C32 /* Release */,
			);
			defaultConfigurationIsVisible = 0;
			defaultConfigurationName = Release;
		};
		82718CE929D3686300545C32 /* Build configuration list for PBXNativeTarget "LlamaChat" */ = {
			isa = XCConfigurationList;
			buildConfigurations = (
				82718CEA29D3686300545C32 /* Debug */,
				82718CEB29D3686300545C32 /* Release */,
			);
			defaultConfigurationIsVisible = 0;
			defaultConfigurationName = Release;
		};
/* End XCConfigurationList section */

/* Begin XCRemoteSwiftPackageReference section */
		8227DA9129D8F841000E554D /* XCRemoteSwiftPackageReference "SQLite.swift" */ = {
			isa = XCRemoteSwiftPackageReference;
			repositoryURL = "https://github.com/stephencelis/SQLite.swift.git";
			requirement = {
				kind = upToNextMajorVersion;
				minimumVersion = 0.9.2;
			};
		};
		82C68BE929E77CC900A7A4AE /* XCRemoteSwiftPackageReference "Sparkle" */ = {
			isa = XCRemoteSwiftPackageReference;
			repositoryURL = "https://github.com/sparkle-project/Sparkle";
			requirement = {
				kind = upToNextMajorVersion;
				minimumVersion = 2.0.0;
			};
		};
		82E43CB029E8D6F3003E69D1 /* XCRemoteSwiftPackageReference "Alamofire" */ = {
			isa = XCRemoteSwiftPackageReference;
			repositoryURL = "https://github.com/Alamofire/Alamofire.git";
			requirement = {
				kind = upToNextMajorVersion;
				minimumVersion = 5.0.0;
			};
		};
		82F14EA429E46454001E9C1E /* XCRemoteSwiftPackageReference "llama" */ = {
			isa = XCRemoteSwiftPackageReference;
			repositoryURL = "https://github.com/alexrozanski/llama.swift/";
			requirement = {
				branch = v2;
				kind = branch;
			};
		};
/* End XCRemoteSwiftPackageReference section */

/* Begin XCSwiftPackageProductDependency section */
		8227DA9229D8F841000E554D /* SQLite */ = {
			isa = XCSwiftPackageProductDependency;
			package = 8227DA9129D8F841000E554D /* XCRemoteSwiftPackageReference "SQLite.swift" */;
			productName = SQLite;
		};
		82C68BEA29E77CC900A7A4AE /* Sparkle */ = {
			isa = XCSwiftPackageProductDependency;
			package = 82C68BE929E77CC900A7A4AE /* XCRemoteSwiftPackageReference "Sparkle" */;
			productName = Sparkle;
		};
		82E43CB129E8D6F3003E69D1 /* Alamofire */ = {
			isa = XCSwiftPackageProductDependency;
			package = 82E43CB029E8D6F3003E69D1 /* XCRemoteSwiftPackageReference "Alamofire" */;
			productName = Alamofire;
		};
		82F14EA529E46454001E9C1E /* llama */ = {
			isa = XCSwiftPackageProductDependency;
			package = 82F14EA429E46454001E9C1E /* XCRemoteSwiftPackageReference "llama" */;
			productName = llama;
		};
/* End XCSwiftPackageProductDependency section */
	};
	rootObject = 82718CD229D3686200545C32 /* Project object */;
}
