// !$*UTF8*$!
{
	archiveVersion = 1;
	classes = {
	};
	objectVersion = 56;
	objects = {

/* Begin PBXBuildFile section */
		821B255529E1D98400CF1001 /* LlamaChatError.swift in Sources */ = {isa = PBXBuildFile; fileRef = 821B255429E1D98400CF1001 /* LlamaChatError.swift */; };
		8227DA9329D8F841000E554D /* SQLite in Frameworks */ = {isa = PBXBuildFile; productRef = 8227DA9229D8F841000E554D /* SQLite */; };
		8227DA9729D911A4000E554D /* LlamaChatApp.swift in Sources */ = {isa = PBXBuildFile; fileRef = 8227DA9629D911A4000E554D /* LlamaChatApp.swift */; };
		8227DACA29DA5080000E554D /* names.json in Resources */ = {isa = PBXBuildFile; fileRef = 8227DAC929DA5080000E554D /* names.json */; };
		8241612529F58C3F007149B9 /* CameLLM in Frameworks */ = {isa = PBXBuildFile; productRef = 8241612429F58C3F007149B9 /* CameLLM */; };
		8241612829F58C5A007149B9 /* CameLLMLlama in Frameworks */ = {isa = PBXBuildFile; productRef = 8241612729F58C5A007149B9 /* CameLLMLlama */; };
		82615BBB2A02524600B0D4FB /* DataModel in Frameworks */ = {isa = PBXBuildFile; productRef = 82615BBA2A02524600B0D4FB /* DataModel */; };
		82615BD22A02552600B0D4FB /* AppModel in Frameworks */ = {isa = PBXBuildFile; productRef = 82615BD12A02552600B0D4FB /* AppModel */; };
		82615BD42A02552600B0D4FB /* FileManager in Frameworks */ = {isa = PBXBuildFile; productRef = 82615BD32A02552600B0D4FB /* FileManager */; };
		82615BDC2A025DD800B0D4FB /* ModelDirectory in Frameworks */ = {isa = PBXBuildFile; productRef = 82615BDB2A025DD800B0D4FB /* ModelDirectory */; };
		82615BDE2A025DD800B0D4FB /* ModelUtils in Frameworks */ = {isa = PBXBuildFile; productRef = 82615BDD2A025DD800B0D4FB /* ModelUtils */; };
		82718CE229D3686300545C32 /* Assets.xcassets in Resources */ = {isa = PBXBuildFile; fileRef = 82718CE129D3686300545C32 /* Assets.xcassets */; };
		82718CE529D3686300545C32 /* Preview Assets.xcassets in Resources */ = {isa = PBXBuildFile; fileRef = 82718CE429D3686300545C32 /* Preview Assets.xcassets */; };
		82C686A529DAEC6C00B76BA6 /* ModelContextView.swift in Sources */ = {isa = PBXBuildFile; fileRef = 82C686A429DAEC6C00B76BA6 /* ModelContextView.swift */; };
		82C686A829DAF32300B76BA6 /* ModelContextContentViewModel.swift in Sources */ = {isa = PBXBuildFile; fileRef = 82C686A729DAF32300B76BA6 /* ModelContextContentViewModel.swift */; };
		82C68BEB29E77CC900A7A4AE /* Sparkle in Frameworks */ = {isa = PBXBuildFile; productRef = 82C68BEA29E77CC900A7A4AE /* Sparkle */; };
		82C68BEE29E77F3700A7A4AE /* CheckForUpdatesViewModel.swift in Sources */ = {isa = PBXBuildFile; fileRef = 82C68BED29E77F3700A7A4AE /* CheckForUpdatesViewModel.swift */; };
		82E43CB229E8D6F3003E69D1 /* Alamofire in Frameworks */ = {isa = PBXBuildFile; productRef = 82E43CB129E8D6F3003E69D1 /* Alamofire */; };
		82E8193F2A0408E100D76B57 /* LlamaChat-Local.xcconfig in Resources */ = {isa = PBXBuildFile; fileRef = 82E8193E2A0408E100D76B57 /* LlamaChat-Local.xcconfig */; };
		82F077592A05B2AD00772633 /* AddSourceUI in Frameworks */ = {isa = PBXBuildFile; productRef = 82F077582A05B2AD00772633 /* AddSourceUI */; };
		82F0775F2A05B70B00772633 /* SharedUI in Frameworks */ = {isa = PBXBuildFile; productRef = 82F0775E2A05B70B00772633 /* SharedUI */; };
		82F077642A09011800772633 /* ModelMetadata in Frameworks */ = {isa = PBXBuildFile; productRef = 82F077632A09011800772633 /* ModelMetadata */; };
		82F077692A09081700772633 /* ModelCompatibility in Frameworks */ = {isa = PBXBuildFile; productRef = 82F077682A09081700772633 /* ModelCompatibility */; };
		82F077732A09673200772633 /* ChatUI in Frameworks */ = {isa = PBXBuildFile; productRef = 82F077722A09673200772633 /* ChatUI */; };
		82F14EA829E4D2DD001E9C1E /* Credits.rtf in Resources */ = {isa = PBXBuildFile; fileRef = 82F14EA729E4D2DD001E9C1E /* Credits.rtf */; };
/* End PBXBuildFile section */

/* Begin PBXFileReference section */
		821B255429E1D98400CF1001 /* LlamaChatError.swift */ = {isa = PBXFileReference; lastKnownFileType = sourcecode.swift; path = LlamaChatError.swift; sourceTree = "<group>"; };
		8227DA9629D911A4000E554D /* LlamaChatApp.swift */ = {isa = PBXFileReference; lastKnownFileType = sourcecode.swift; path = LlamaChatApp.swift; sourceTree = "<group>"; };
		8227DA9C29D91F33000E554D /* Info.plist */ = {isa = PBXFileReference; lastKnownFileType = text.plist; path = Info.plist; sourceTree = "<group>"; };
		8227DAC929DA5080000E554D /* names.json */ = {isa = PBXFileReference; lastKnownFileType = text.json; path = names.json; sourceTree = "<group>"; };
		82615BC42A02541C00B0D4FB /* AppModel */ = {isa = PBXFileReference; lastKnownFileType = wrapper; path = AppModel; sourceTree = "<group>"; };
		82615BC52A02541F00B0D4FB /* DataModel */ = {isa = PBXFileReference; lastKnownFileType = wrapper; path = DataModel; sourceTree = "<group>"; };
		82615BC62A0254EF00B0D4FB /* FileManager */ = {isa = PBXFileReference; lastKnownFileType = wrapper; path = FileManager; sourceTree = "<group>"; };
		82615BD52A02556F00B0D4FB /* ModelDirectory */ = {isa = PBXFileReference; lastKnownFileType = wrapper; path = ModelDirectory; sourceTree = "<group>"; };
		82615BD62A0256F200B0D4FB /* ModelUtils */ = {isa = PBXFileReference; lastKnownFileType = wrapper; path = ModelUtils; sourceTree = "<group>"; };
		82718CDA29D3686200545C32 /* LlamaChat.app */ = {isa = PBXFileReference; explicitFileType = wrapper.application; includeInIndex = 0; path = LlamaChat.app; sourceTree = BUILT_PRODUCTS_DIR; };
		82718CE129D3686300545C32 /* Assets.xcassets */ = {isa = PBXFileReference; lastKnownFileType = folder.assetcatalog; path = Assets.xcassets; sourceTree = "<group>"; };
		82718CE429D3686300545C32 /* Preview Assets.xcassets */ = {isa = PBXFileReference; lastKnownFileType = folder.assetcatalog; path = "Preview Assets.xcassets"; sourceTree = "<group>"; };
		82980F1B29E263E8000329E6 /* LlamaChat.entitlements */ = {isa = PBXFileReference; lastKnownFileType = text.plist.entitlements; path = LlamaChat.entitlements; sourceTree = "<group>"; };
		82C686A429DAEC6C00B76BA6 /* ModelContextView.swift */ = {isa = PBXFileReference; lastKnownFileType = sourcecode.swift; path = ModelContextView.swift; sourceTree = "<group>"; };
		82C686A729DAF32300B76BA6 /* ModelContextContentViewModel.swift */ = {isa = PBXFileReference; lastKnownFileType = sourcecode.swift; path = ModelContextContentViewModel.swift; sourceTree = "<group>"; };
		82C68BED29E77F3700A7A4AE /* CheckForUpdatesViewModel.swift */ = {isa = PBXFileReference; lastKnownFileType = sourcecode.swift; path = CheckForUpdatesViewModel.swift; sourceTree = "<group>"; };
		82C68BEF29E7FB8100A7A4AE /* LlamaChat.xcconfig */ = {isa = PBXFileReference; lastKnownFileType = text.xcconfig; path = LlamaChat.xcconfig; sourceTree = "<group>"; };
		82E8193E2A0408E100D76B57 /* LlamaChat-Local.xcconfig */ = {isa = PBXFileReference; lastKnownFileType = text.xcconfig; path = "LlamaChat-Local.xcconfig"; sourceTree = "<group>"; };
		82F077552A05B14200772633 /* AddSourceUI */ = {isa = PBXFileReference; lastKnownFileType = wrapper; path = AddSourceUI; sourceTree = "<group>"; };
		82F0775A2A05B4EE00772633 /* Downloads */ = {isa = PBXFileReference; lastKnownFileType = wrapper; path = Downloads; sourceTree = "<group>"; };
		82F0775B2A05B63300772633 /* SharedUI */ = {isa = PBXFileReference; lastKnownFileType = wrapper; path = SharedUI; sourceTree = "<group>"; };
		82F077602A09007E00772633 /* ModelMetadata */ = {isa = PBXFileReference; lastKnownFileType = wrapper; path = ModelMetadata; sourceTree = "<group>"; };
		82F077652A0905A200772633 /* ModelCompatibility */ = {isa = PBXFileReference; lastKnownFileType = wrapper; path = ModelCompatibility; sourceTree = "<group>"; };
		82F0776F2A0966CA00772633 /* ChatUI */ = {isa = PBXFileReference; lastKnownFileType = wrapper; path = ChatUI; sourceTree = "<group>"; };
		82F077742A09699200772633 /* SettingsUI */ = {isa = PBXFileReference; lastKnownFileType = wrapper; path = SettingsUI; sourceTree = "<group>"; };
		82F14EA729E4D2DD001E9C1E /* Credits.rtf */ = {isa = PBXFileReference; lastKnownFileType = text.rtf; path = Credits.rtf; sourceTree = "<group>"; };
/* End PBXFileReference section */

/* Begin PBXFrameworksBuildPhase section */
		82718CD729D3686200545C32 /* Frameworks */ = {
			isa = PBXFrameworksBuildPhase;
			buildActionMask = 2147483647;
			files = (
				8241612529F58C3F007149B9 /* CameLLM in Frameworks */,
				82C68BEB29E77CC900A7A4AE /* Sparkle in Frameworks */,
				82615BBB2A02524600B0D4FB /* DataModel in Frameworks */,
				8241612829F58C5A007149B9 /* CameLLMLlama in Frameworks */,
				82F077642A09011800772633 /* ModelMetadata in Frameworks */,
				82E43CB229E8D6F3003E69D1 /* Alamofire in Frameworks */,
				82615BDC2A025DD800B0D4FB /* ModelDirectory in Frameworks */,
				82615BDE2A025DD800B0D4FB /* ModelUtils in Frameworks */,
				82615BD22A02552600B0D4FB /* AppModel in Frameworks */,
				82F077692A09081700772633 /* ModelCompatibility in Frameworks */,
				82F077732A09673200772633 /* ChatUI in Frameworks */,
				82615BD42A02552600B0D4FB /* FileManager in Frameworks */,
				8227DA9329D8F841000E554D /* SQLite in Frameworks */,
				82F077592A05B2AD00772633 /* AddSourceUI in Frameworks */,
				82F0775F2A05B70B00772633 /* SharedUI in Frameworks */,
			);
			runOnlyForDeploymentPostprocessing = 0;
		};
/* End PBXFrameworksBuildPhase section */

/* Begin PBXGroup section */
		821B255329E1D97B00CF1001 /* error */ = {
			isa = PBXGroup;
			children = (
				821B255429E1D98400CF1001 /* LlamaChatError.swift */,
			);
			path = error;
			sourceTree = "<group>";
		};
		8227DAC829DA5060000E554D /* data */ = {
			isa = PBXGroup;
			children = (
				8227DAC929DA5080000E554D /* names.json */,
			);
			path = data;
			sourceTree = "<group>";
		};
		82615BB92A02524600B0D4FB /* Frameworks */ = {
			isa = PBXGroup;
			children = (
			);
			name = Frameworks;
			sourceTree = "<group>";
		};
		82615BC32A02540600B0D4FB /* Packages */ = {
			isa = PBXGroup;
			children = (
				82F077552A05B14200772633 /* AddSourceUI */,
				82615BC42A02541C00B0D4FB /* AppModel */,
				82F0776F2A0966CA00772633 /* ChatUI */,
				82615BC52A02541F00B0D4FB /* DataModel */,
				82F0775A2A05B4EE00772633 /* Downloads */,
				82615BC62A0254EF00B0D4FB /* FileManager */,
				82F077652A0905A200772633 /* ModelCompatibility */,
				82615BD52A02556F00B0D4FB /* ModelDirectory */,
				82F077602A09007E00772633 /* ModelMetadata */,
				82615BD62A0256F200B0D4FB /* ModelUtils */,
				82F077742A09699200772633 /* SettingsUI */,
				82F0775B2A05B63300772633 /* SharedUI */,
			);
			path = Packages;
			sourceTree = "<group>";
		};
		82718CD129D3686200545C32 = {
			isa = PBXGroup;
			children = (
				82718CDC29D3686200545C32 /* LlamaChat */,
				82615BC32A02540600B0D4FB /* Packages */,
				82718CDB29D3686200545C32 /* Products */,
				82615BB92A02524600B0D4FB /* Frameworks */,
			);
			sourceTree = "<group>";
		};
		82718CDB29D3686200545C32 /* Products */ = {
			isa = PBXGroup;
			children = (
				82718CDA29D3686200545C32 /* LlamaChat.app */,
			);
			name = Products;
			sourceTree = "<group>";
		};
		82718CDC29D3686200545C32 /* LlamaChat */ = {
			isa = PBXGroup;
			children = (
				8227DA9C29D91F33000E554D /* Info.plist */,
				82F14EA729E4D2DD001E9C1E /* Credits.rtf */,
				8227DA9629D911A4000E554D /* LlamaChatApp.swift */,
				8227DAC829DA5060000E554D /* data */,
				821B255329E1D97B00CF1001 /* error */,
				82C686A329DAEC6200B76BA6 /* debug */,
				82C68BEC29E77EFD00A7A4AE /* updates */,
				82718CE129D3686300545C32 /* Assets.xcassets */,
				82980F1B29E263E8000329E6 /* LlamaChat.entitlements */,
				82C68BEF29E7FB8100A7A4AE /* LlamaChat.xcconfig */,
				82E8193E2A0408E100D76B57 /* LlamaChat-Local.xcconfig */,
				82718CE329D3686300545C32 /* Preview Content */,
			);
			path = LlamaChat;
			sourceTree = "<group>";
		};
		82718CE329D3686300545C32 /* Preview Content */ = {
			isa = PBXGroup;
			children = (
				82718CE429D3686300545C32 /* Preview Assets.xcassets */,
			);
			path = "Preview Content";
			sourceTree = "<group>";
		};
		82C686A329DAEC6200B76BA6 /* debug */ = {
			isa = PBXGroup;
			children = (
				82C686A429DAEC6C00B76BA6 /* ModelContextView.swift */,
				82C686A729DAF32300B76BA6 /* ModelContextContentViewModel.swift */,
			);
			path = debug;
			sourceTree = "<group>";
		};
		82C68BEC29E77EFD00A7A4AE /* updates */ = {
			isa = PBXGroup;
			children = (
				82C68BED29E77F3700A7A4AE /* CheckForUpdatesViewModel.swift */,
			);
			path = updates;
			sourceTree = "<group>";
		};
/* End PBXGroup section */

/* Begin PBXNativeTarget section */
		82718CD929D3686200545C32 /* LlamaChat */ = {
			isa = PBXNativeTarget;
			buildConfigurationList = 82718CE929D3686300545C32 /* Build configuration list for PBXNativeTarget "LlamaChat" */;
			buildPhases = (
				82718CD629D3686200545C32 /* Sources */,
				82718CD729D3686200545C32 /* Frameworks */,
				82718CD829D3686200545C32 /* Resources */,
			);
			buildRules = (
			);
			dependencies = (
				82F077572A05B2A500772633 /* PBXTargetDependency */,
				82615BCC2A02551F00B0D4FB /* PBXTargetDependency */,
				82F077712A09672500772633 /* PBXTargetDependency */,
				82615BCE2A02551F00B0D4FB /* PBXTargetDependency */,
				82615BD02A02551F00B0D4FB /* PBXTargetDependency */,
				82F077672A09080B00772633 /* PBXTargetDependency */,
				82615BD82A025DC800B0D4FB /* PBXTargetDependency */,
				82F077622A09010900772633 /* PBXTargetDependency */,
				82615BDA2A025DCB00B0D4FB /* PBXTargetDependency */,
				82F0775D2A05B70400772633 /* PBXTargetDependency */,
			);
			name = LlamaChat;
			packageProductDependencies = (
				8227DA9229D8F841000E554D /* SQLite */,
				82C68BEA29E77CC900A7A4AE /* Sparkle */,
				8241612429F58C3F007149B9 /* CameLLM */,
				8241612729F58C5A007149B9 /* CameLLMLlama */,
				82E43CB129E8D6F3003E69D1 /* Alamofire */,
				82615BBA2A02524600B0D4FB /* DataModel */,
				82615BD12A02552600B0D4FB /* AppModel */,
				82615BD32A02552600B0D4FB /* FileManager */,
				82615BDB2A025DD800B0D4FB /* ModelDirectory */,
				82615BDD2A025DD800B0D4FB /* ModelUtils */,
				82F077582A05B2AD00772633 /* AddSourceUI */,
				82F0775E2A05B70B00772633 /* SharedUI */,
				82F077632A09011800772633 /* ModelMetadata */,
				82F077682A09081700772633 /* ModelCompatibility */,
				82F077722A09673200772633 /* ChatUI */,
			);
			productName = Camel;
			productReference = 82718CDA29D3686200545C32 /* LlamaChat.app */;
			productType = "com.apple.product-type.application";
		};
/* End PBXNativeTarget section */

/* Begin PBXProject section */
		82718CD229D3686200545C32 /* Project object */ = {
			isa = PBXProject;
			attributes = {
				BuildIndependentTargetsInParallel = 1;
				LastSwiftUpdateCheck = 1410;
				LastUpgradeCheck = 1410;
				TargetAttributes = {
					82718CD929D3686200545C32 = {
						CreatedOnToolsVersion = 14.1;
					};
				};
			};
			buildConfigurationList = 82718CD529D3686200545C32 /* Build configuration list for PBXProject "LlamaChat" */;
			compatibilityVersion = "Xcode 14.0";
			developmentRegion = en;
			hasScannedForEncodings = 0;
			knownRegions = (
				en,
				Base,
			);
			mainGroup = 82718CD129D3686200545C32;
			packageReferences = (
				8227DA9129D8F841000E554D /* XCRemoteSwiftPackageReference "SQLite.swift" */,
				82C68BE929E77CC900A7A4AE /* XCRemoteSwiftPackageReference "Sparkle" */,
				8241612329F58C3F007149B9 /* XCRemoteSwiftPackageReference "CameLLM" */,
				8241612629F58C5A007149B9 /* XCRemoteSwiftPackageReference "CameLLM-Llama" */,
				82E43CB029E8D6F3003E69D1 /* XCRemoteSwiftPackageReference "Alamofire" */,
			);
			productRefGroup = 82718CDB29D3686200545C32 /* Products */;
			projectDirPath = "";
			projectRoot = "";
			targets = (
				82718CD929D3686200545C32 /* LlamaChat */,
			);
		};
/* End PBXProject section */

/* Begin PBXResourcesBuildPhase section */
		82718CD829D3686200545C32 /* Resources */ = {
			isa = PBXResourcesBuildPhase;
			buildActionMask = 2147483647;
			files = (
				82718CE529D3686300545C32 /* Preview Assets.xcassets in Resources */,
				8227DACA29DA5080000E554D /* names.json in Resources */,
				82718CE229D3686300545C32 /* Assets.xcassets in Resources */,
				82E8193F2A0408E100D76B57 /* LlamaChat-Local.xcconfig in Resources */,
				82F14EA829E4D2DD001E9C1E /* Credits.rtf in Resources */,
			);
			runOnlyForDeploymentPostprocessing = 0;
		};
/* End PBXResourcesBuildPhase section */

/* Begin PBXSourcesBuildPhase section */
		82718CD629D3686200545C32 /* Sources */ = {
			isa = PBXSourcesBuildPhase;
			buildActionMask = 2147483647;
			files = (
				8227DA9729D911A4000E554D /* LlamaChatApp.swift in Sources */,
				82C686A529DAEC6C00B76BA6 /* ModelContextView.swift in Sources */,
				82C686A829DAF32300B76BA6 /* ModelContextContentViewModel.swift in Sources */,
				821B255529E1D98400CF1001 /* LlamaChatError.swift in Sources */,
				82C68BEE29E77F3700A7A4AE /* CheckForUpdatesViewModel.swift in Sources */,
			);
			runOnlyForDeploymentPostprocessing = 0;
		};
/* End PBXSourcesBuildPhase section */

/* Begin PBXTargetDependency section */
		82615BCC2A02551F00B0D4FB /* PBXTargetDependency */ = {
			isa = PBXTargetDependency;
			productRef = 82615BCB2A02551F00B0D4FB /* AppModel */;
		};
		82615BCE2A02551F00B0D4FB /* PBXTargetDependency */ = {
			isa = PBXTargetDependency;
			productRef = 82615BCD2A02551F00B0D4FB /* DataModel */;
		};
		82615BD02A02551F00B0D4FB /* PBXTargetDependency */ = {
			isa = PBXTargetDependency;
			productRef = 82615BCF2A02551F00B0D4FB /* FileManager */;
		};
		82615BD82A025DC800B0D4FB /* PBXTargetDependency */ = {
			isa = PBXTargetDependency;
			productRef = 82615BD72A025DC800B0D4FB /* ModelDirectory */;
		};
		82615BDA2A025DCB00B0D4FB /* PBXTargetDependency */ = {
			isa = PBXTargetDependency;
			productRef = 82615BD92A025DCB00B0D4FB /* ModelUtils */;
		};
		82F077572A05B2A500772633 /* PBXTargetDependency */ = {
			isa = PBXTargetDependency;
			productRef = 82F077562A05B2A500772633 /* AddSourceUI */;
		};
		82F0775D2A05B70400772633 /* PBXTargetDependency */ = {
			isa = PBXTargetDependency;
			productRef = 82F0775C2A05B70400772633 /* SharedUI */;
		};
		82F077622A09010900772633 /* PBXTargetDependency */ = {
			isa = PBXTargetDependency;
			productRef = 82F077612A09010900772633 /* ModelMetadata */;
		};
		82F077672A09080B00772633 /* PBXTargetDependency */ = {
			isa = PBXTargetDependency;
			productRef = 82F077662A09080B00772633 /* ModelCompatibility */;
		};
		82F077712A09672500772633 /* PBXTargetDependency */ = {
			isa = PBXTargetDependency;
			productRef = 82F077702A09672500772633 /* ChatUI */;
		};
/* End PBXTargetDependency section */

/* Begin XCBuildConfiguration section */
		82718CE729D3686300545C32 /* Debug */ = {
			isa = XCBuildConfiguration;
			buildSettings = {
				ALWAYS_SEARCH_USER_PATHS = NO;
				CLANG_ANALYZER_NONNULL = YES;
				CLANG_ANALYZER_NUMBER_OBJECT_CONVERSION = YES_AGGRESSIVE;
				CLANG_CXX_LANGUAGE_STANDARD = "gnu++20";
				CLANG_ENABLE_MODULES = YES;
				CLANG_ENABLE_OBJC_ARC = YES;
				CLANG_ENABLE_OBJC_WEAK = YES;
				CLANG_WARN_BLOCK_CAPTURE_AUTORELEASING = YES;
				CLANG_WARN_BOOL_CONVERSION = YES;
				CLANG_WARN_COMMA = YES;
				CLANG_WARN_CONSTANT_CONVERSION = YES;
				CLANG_WARN_DEPRECATED_OBJC_IMPLEMENTATIONS = YES;
				CLANG_WARN_DIRECT_OBJC_ISA_USAGE = YES_ERROR;
				CLANG_WARN_DOCUMENTATION_COMMENTS = YES;
				CLANG_WARN_EMPTY_BODY = YES;
				CLANG_WARN_ENUM_CONVERSION = YES;
				CLANG_WARN_INFINITE_RECURSION = YES;
				CLANG_WARN_INT_CONVERSION = YES;
				CLANG_WARN_NON_LITERAL_NULL_CONVERSION = YES;
				CLANG_WARN_OBJC_IMPLICIT_RETAIN_SELF = YES;
				CLANG_WARN_OBJC_LITERAL_CONVERSION = YES;
				CLANG_WARN_OBJC_ROOT_CLASS = YES_ERROR;
				CLANG_WARN_QUOTED_INCLUDE_IN_FRAMEWORK_HEADER = YES;
				CLANG_WARN_RANGE_LOOP_ANALYSIS = YES;
				CLANG_WARN_STRICT_PROTOTYPES = YES;
				CLANG_WARN_SUSPICIOUS_MOVE = YES;
				CLANG_WARN_UNGUARDED_AVAILABILITY = YES_AGGRESSIVE;
				CLANG_WARN_UNREACHABLE_CODE = YES;
				CLANG_WARN__DUPLICATE_METHOD_MATCH = YES;
				COPY_PHASE_STRIP = NO;
				DEBUG_INFORMATION_FORMAT = dwarf;
				ENABLE_STRICT_OBJC_MSGSEND = YES;
				ENABLE_TESTABILITY = YES;
				GCC_C_LANGUAGE_STANDARD = gnu11;
				GCC_DYNAMIC_NO_PIC = NO;
				GCC_NO_COMMON_BLOCKS = YES;
				GCC_OPTIMIZATION_LEVEL = 0;
				GCC_PREPROCESSOR_DEFINITIONS = (
					"DEBUG=1",
					"$(inherited)",
				);
				GCC_WARN_64_TO_32_BIT_CONVERSION = YES;
				GCC_WARN_ABOUT_RETURN_TYPE = YES_ERROR;
				GCC_WARN_UNDECLARED_SELECTOR = YES;
				GCC_WARN_UNINITIALIZED_AUTOS = YES_AGGRESSIVE;
				GCC_WARN_UNUSED_FUNCTION = YES;
				GCC_WARN_UNUSED_VARIABLE = YES;
				MACOSX_DEPLOYMENT_TARGET = 13.0;
				MTL_ENABLE_DEBUG_INFO = INCLUDE_SOURCE;
				MTL_FAST_MATH = YES;
				ONLY_ACTIVE_ARCH = YES;
				SDKROOT = macosx;
				SWIFT_ACTIVE_COMPILATION_CONDITIONS = DEBUG;
				SWIFT_OPTIMIZATION_LEVEL = "-Onone";
			};
			name = Debug;
		};
		82718CE829D3686300545C32 /* Release */ = {
			isa = XCBuildConfiguration;
			buildSettings = {
				ALWAYS_SEARCH_USER_PATHS = NO;
				CLANG_ANALYZER_NONNULL = YES;
				CLANG_ANALYZER_NUMBER_OBJECT_CONVERSION = YES_AGGRESSIVE;
				CLANG_CXX_LANGUAGE_STANDARD = "gnu++20";
				CLANG_ENABLE_MODULES = YES;
				CLANG_ENABLE_OBJC_ARC = YES;
				CLANG_ENABLE_OBJC_WEAK = YES;
				CLANG_WARN_BLOCK_CAPTURE_AUTORELEASING = YES;
				CLANG_WARN_BOOL_CONVERSION = YES;
				CLANG_WARN_COMMA = YES;
				CLANG_WARN_CONSTANT_CONVERSION = YES;
				CLANG_WARN_DEPRECATED_OBJC_IMPLEMENTATIONS = YES;
				CLANG_WARN_DIRECT_OBJC_ISA_USAGE = YES_ERROR;
				CLANG_WARN_DOCUMENTATION_COMMENTS = YES;
				CLANG_WARN_EMPTY_BODY = YES;
				CLANG_WARN_ENUM_CONVERSION = YES;
				CLANG_WARN_INFINITE_RECURSION = YES;
				CLANG_WARN_INT_CONVERSION = YES;
				CLANG_WARN_NON_LITERAL_NULL_CONVERSION = YES;
				CLANG_WARN_OBJC_IMPLICIT_RETAIN_SELF = YES;
				CLANG_WARN_OBJC_LITERAL_CONVERSION = YES;
				CLANG_WARN_OBJC_ROOT_CLASS = YES_ERROR;
				CLANG_WARN_QUOTED_INCLUDE_IN_FRAMEWORK_HEADER = YES;
				CLANG_WARN_RANGE_LOOP_ANALYSIS = YES;
				CLANG_WARN_STRICT_PROTOTYPES = YES;
				CLANG_WARN_SUSPICIOUS_MOVE = YES;
				CLANG_WARN_UNGUARDED_AVAILABILITY = YES_AGGRESSIVE;
				CLANG_WARN_UNREACHABLE_CODE = YES;
				CLANG_WARN__DUPLICATE_METHOD_MATCH = YES;
				COPY_PHASE_STRIP = NO;
				DEBUG_INFORMATION_FORMAT = "dwarf-with-dsym";
				ENABLE_NS_ASSERTIONS = NO;
				ENABLE_STRICT_OBJC_MSGSEND = YES;
				GCC_C_LANGUAGE_STANDARD = gnu11;
				GCC_NO_COMMON_BLOCKS = YES;
				GCC_WARN_64_TO_32_BIT_CONVERSION = YES;
				GCC_WARN_ABOUT_RETURN_TYPE = YES_ERROR;
				GCC_WARN_UNDECLARED_SELECTOR = YES;
				GCC_WARN_UNINITIALIZED_AUTOS = YES_AGGRESSIVE;
				GCC_WARN_UNUSED_FUNCTION = YES;
				GCC_WARN_UNUSED_VARIABLE = YES;
				MACOSX_DEPLOYMENT_TARGET = 13.0;
				MTL_ENABLE_DEBUG_INFO = NO;
				MTL_FAST_MATH = YES;
				SDKROOT = macosx;
				SWIFT_COMPILATION_MODE = wholemodule;
				SWIFT_OPTIMIZATION_LEVEL = "-O";
			};
			name = Release;
		};
		82718CEA29D3686300545C32 /* Debug */ = {
			isa = XCBuildConfiguration;
			baseConfigurationReference = 82C68BEF29E7FB8100A7A4AE /* LlamaChat.xcconfig */;
			buildSettings = {
				ASSETCATALOG_COMPILER_APPICON_NAME = AppIcon;
				ASSETCATALOG_COMPILER_GLOBAL_ACCENT_COLOR_NAME = AccentColor;
				CODE_SIGN_ENTITLEMENTS = LlamaChat/LlamaChat.entitlements;
				COMBINE_HIDPI_IMAGES = YES;
				DEVELOPMENT_ASSET_PATHS = "\"LlamaChat/Preview Content\"";
				ENABLE_HARDENED_RUNTIME = YES;
				ENABLE_PREVIEWS = YES;
				GENERATE_INFOPLIST_FILE = YES;
				INFOPLIST_FILE = LlamaChat/Info.plist;
				INFOPLIST_KEY_NSHumanReadableCopyright = "";
				LD_RUNPATH_SEARCH_PATHS = (
					"$(inherited)",
					"@executable_path/../Frameworks",
				);
				PRODUCT_BUNDLE_IDENTIFIER = com.alexrozanski.LlamaChat;
				PRODUCT_NAME = "$(TARGET_NAME)";
				PROVISIONING_PROFILE_SPECIFIER = "";
				SWIFT_EMIT_LOC_STRINGS = YES;
				SWIFT_VERSION = 5.0;
			};
			name = Debug;
		};
		82718CEB29D3686300545C32 /* Release */ = {
			isa = XCBuildConfiguration;
			baseConfigurationReference = 82C68BEF29E7FB8100A7A4AE /* LlamaChat.xcconfig */;
			buildSettings = {
				ASSETCATALOG_COMPILER_APPICON_NAME = AppIcon;
				ASSETCATALOG_COMPILER_GLOBAL_ACCENT_COLOR_NAME = AccentColor;
				CODE_SIGN_ENTITLEMENTS = LlamaChat/LlamaChat.entitlements;
				COMBINE_HIDPI_IMAGES = YES;
				DEVELOPMENT_ASSET_PATHS = "\"LlamaChat/Preview Content\"";
				ENABLE_HARDENED_RUNTIME = YES;
				ENABLE_PREVIEWS = YES;
				GENERATE_INFOPLIST_FILE = YES;
				INFOPLIST_FILE = LlamaChat/Info.plist;
				INFOPLIST_KEY_NSHumanReadableCopyright = "";
				LD_RUNPATH_SEARCH_PATHS = (
					"$(inherited)",
					"@executable_path/../Frameworks",
				);
				PRODUCT_BUNDLE_IDENTIFIER = com.alexrozanski.LlamaChat;
				PRODUCT_NAME = "$(TARGET_NAME)";
				PROVISIONING_PROFILE_SPECIFIER = "";
				SWIFT_EMIT_LOC_STRINGS = YES;
				SWIFT_VERSION = 5.0;
			};
			name = Release;
		};
/* End XCBuildConfiguration section */

/* Begin XCConfigurationList section */
		82718CD529D3686200545C32 /* Build configuration list for PBXProject "LlamaChat" */ = {
			isa = XCConfigurationList;
			buildConfigurations = (
				82718CE729D3686300545C32 /* Debug */,
				82718CE829D3686300545C32 /* Release */,
			);
			defaultConfigurationIsVisible = 0;
			defaultConfigurationName = Release;
		};
		82718CE929D3686300545C32 /* Build configuration list for PBXNativeTarget "LlamaChat" */ = {
			isa = XCConfigurationList;
			buildConfigurations = (
				82718CEA29D3686300545C32 /* Debug */,
				82718CEB29D3686300545C32 /* Release */,
			);
			defaultConfigurationIsVisible = 0;
			defaultConfigurationName = Release;
		};
/* End XCConfigurationList section */

/* Begin XCRemoteSwiftPackageReference section */
		8227DA9129D8F841000E554D /* XCRemoteSwiftPackageReference "SQLite.swift" */ = {
			isa = XCRemoteSwiftPackageReference;
			repositoryURL = "https://github.com/stephencelis/SQLite.swift.git";
			requirement = {
				kind = upToNextMajorVersion;
				minimumVersion = 0.9.2;
			};
		};
		8241612329F58C3F007149B9 /* XCRemoteSwiftPackageReference "CameLLM" */ = {
			isa = XCRemoteSwiftPackageReference;
			repositoryURL = "https://github.com/CameLLM/CameLLM.git";
			requirement = {
				branch = main;
				kind = branch;
			};
		};
		8241612629F58C5A007149B9 /* XCRemoteSwiftPackageReference "CameLLM-Llama" */ = {
			isa = XCRemoteSwiftPackageReference;
			repositoryURL = "https://github.com/CameLLM/CameLLM-Llama.git";
			requirement = {
				branch = main;
				kind = branch;
			};
		};
		82C68BE929E77CC900A7A4AE /* XCRemoteSwiftPackageReference "Sparkle" */ = {
			isa = XCRemoteSwiftPackageReference;
			repositoryURL = "https://github.com/sparkle-project/Sparkle";
			requirement = {
				kind = upToNextMajorVersion;
				minimumVersion = 2.0.0;
			};
		};
		82E43CB029E8D6F3003E69D1 /* XCRemoteSwiftPackageReference "Alamofire" */ = {
			isa = XCRemoteSwiftPackageReference;
			repositoryURL = "https://github.com/Alamofire/Alamofire.git";
			requirement = {
				kind = upToNextMajorVersion;
				minimumVersion = 5.0.0;
			};
		};
/* End XCRemoteSwiftPackageReference section */

/* Begin XCSwiftPackageProductDependency section */
		8227DA9229D8F841000E554D /* SQLite */ = {
			isa = XCSwiftPackageProductDependency;
			package = 8227DA9129D8F841000E554D /* XCRemoteSwiftPackageReference "SQLite.swift" */;
			productName = SQLite;
		};
		8241612429F58C3F007149B9 /* CameLLM */ = {
			isa = XCSwiftPackageProductDependency;
			package = 8241612329F58C3F007149B9 /* XCRemoteSwiftPackageReference "CameLLM" */;
			productName = CameLLM;
		};
		8241612729F58C5A007149B9 /* CameLLMLlama */ = {
			isa = XCSwiftPackageProductDependency;
			package = 8241612629F58C5A007149B9 /* XCRemoteSwiftPackageReference "CameLLM-Llama" */;
			productName = CameLLMLlama;
		};
		82615BBA2A02524600B0D4FB /* DataModel */ = {
			isa = XCSwiftPackageProductDependency;
			productName = DataModel;
		};
		82615BCB2A02551F00B0D4FB /* AppModel */ = {
			isa = XCSwiftPackageProductDependency;
			productName = AppModel;
		};
		82615BCD2A02551F00B0D4FB /* DataModel */ = {
			isa = XCSwiftPackageProductDependency;
			productName = DataModel;
		};
		82615BCF2A02551F00B0D4FB /* FileManager */ = {
			isa = XCSwiftPackageProductDependency;
			productName = FileManager;
		};
		82615BD12A02552600B0D4FB /* AppModel */ = {
			isa = XCSwiftPackageProductDependency;
			productName = AppModel;
		};
		82615BD32A02552600B0D4FB /* FileManager */ = {
			isa = XCSwiftPackageProductDependency;
			productName = FileManager;
		};
		82615BD72A025DC800B0D4FB /* ModelDirectory */ = {
			isa = XCSwiftPackageProductDependency;
			productName = ModelDirectory;
		};
		82615BD92A025DCB00B0D4FB /* ModelUtils */ = {
			isa = XCSwiftPackageProductDependency;
			productName = ModelUtils;
		};
		82615BDB2A025DD800B0D4FB /* ModelDirectory */ = {
			isa = XCSwiftPackageProductDependency;
			productName = ModelDirectory;
		};
		82615BDD2A025DD800B0D4FB /* ModelUtils */ = {
			isa = XCSwiftPackageProductDependency;
			productName = ModelUtils;
		};
		82C68BEA29E77CC900A7A4AE /* Sparkle */ = {
			isa = XCSwiftPackageProductDependency;
			package = 82C68BE929E77CC900A7A4AE /* XCRemoteSwiftPackageReference "Sparkle" */;
			productName = Sparkle;
		};
		82E43CB129E8D6F3003E69D1 /* Alamofire */ = {
			isa = XCSwiftPackageProductDependency;
			package = 82E43CB029E8D6F3003E69D1 /* XCRemoteSwiftPackageReference "Alamofire" */;
			productName = Alamofire;
		};
		82F077562A05B2A500772633 /* AddSourceUI */ = {
			isa = XCSwiftPackageProductDependency;
			productName = AddSourceUI;
		};
		82F077582A05B2AD00772633 /* AddSourceUI */ = {
			isa = XCSwiftPackageProductDependency;
			productName = AddSourceUI;
		};
		82F0775C2A05B70400772633 /* SharedUI */ = {
			isa = XCSwiftPackageProductDependency;
			productName = SharedUI;
		};
		82F0775E2A05B70B00772633 /* SharedUI */ = {
			isa = XCSwiftPackageProductDependency;
			productName = SharedUI;
		};
		82F077612A09010900772633 /* ModelMetadata */ = {
			isa = XCSwiftPackageProductDependency;
			productName = ModelMetadata;
		};
		82F077632A09011800772633 /* ModelMetadata */ = {
			isa = XCSwiftPackageProductDependency;
			productName = ModelMetadata;
		};
		82F077662A09080B00772633 /* ModelCompatibility */ = {
			isa = XCSwiftPackageProductDependency;
			productName = ModelCompatibility;
		};
		82F077682A09081700772633 /* ModelCompatibility */ = {
			isa = XCSwiftPackageProductDependency;
			productName = ModelCompatibility;
		};
		82F077702A09672500772633 /* ChatUI */ = {
			isa = XCSwiftPackageProductDependency;
			productName = ChatUI;
		};
		82F077722A09673200772633 /* ChatUI */ = {
			isa = XCSwiftPackageProductDependency;
			productName = ChatUI;
		};
/* End XCSwiftPackageProductDependency section */
	};
	rootObject = 82718CD229D3686200545C32 /* Project object */;
}
