{
  "pins" : [
    {
      "identity" : "llama.swift",
      "kind" : "localSourceControl",
      "location" : "/Users/rozanski/Documents/GitHub/llama.swift",
      "state" : {
        "revision" : "10c5ba05482957a997a566bab37bc245281eb6a8"
      }
    },
    {
      "identity" : "sqlite.swift",
      "kind" : "remoteSourceControl",
      "location" : "https://github.com/stephencelis/SQLite.swift.git",
      "state" : {
        "revision" : "7a2e3cd27de56f6d396e84f63beefd0267b55ccb",
        "version" : "0.14.1"
      }
    }
  ],
  "version" : 2
}
