{
  "pins" : [
    {
      "identity" : "llama.swift",
      "kind" : "remoteSourceControl",
      "location" : "https://github.com/alexrozanski/llama.swift/",
      "state" : {
        "branch" : "v2",
        "revision" : "dc285e41f8356f2f3166fe590866c82e1f6ee934"
      }
    }
  ],
  "version" : 2
}
